// !$*UTF8*$!
{
	archiveVersion = 1;
	classes = {
	};
	objectVersion = 56;
	objects = {

/* Begin PBXBuildFile section */
		82043B7D2AA1B4ED00200643 /* TypographyView.swift in Sources */ = {isa = PBXBuildFile; fileRef = 82043B7B2AA1B4ED00200643 /* TypographyView.swift */; };
		82043B852AA1B79C00200643 /* WarpApp.swift in Sources */ = {isa = PBXBuildFile; fileRef = 82043B842AA1B79C00200643 /* WarpApp.swift */; };
		82043B892AA1B79F00200643 /* Assets.xcassets in Resources */ = {isa = PBXBuildFile; fileRef = 82043B882AA1B79F00200643 /* Assets.xcassets */; };
		82043B8C2AA1B79F00200643 /* Preview Assets.xcassets in Resources */ = {isa = PBXBuildFile; fileRef = 82043B8B2AA1B79F00200643 /* Preview Assets.xcassets */; };
		82043B902AA1B8A900200643 /* ContentView.swift in Sources */ = {isa = PBXBuildFile; fileRef = 82355B0A2A8CD0AA0023EB11 /* ContentView.swift */; };
		82043B912AA1B8B000200643 /* ButtonView.swift in Sources */ = {isa = PBXBuildFile; fileRef = 82A215582A8DF4DC0062FB9E /* ButtonView.swift */; };
		82043B922AA1B8B300200643 /* TypographyView.swift in Sources */ = {isa = PBXBuildFile; fileRef = 82043B7B2AA1B4ED00200643 /* TypographyView.swift */; };
		82043B932AA1B8B500200643 /* InputView.swift in Sources */ = {isa = PBXBuildFile; fileRef = 82A2155B2A8DF93B0062FB9E /* InputView.swift */; };
		82043B952AA1B94000200643 /* Warp-ios in Frameworks */ = {isa = PBXBuildFile; productRef = 82043B942AA1B94000200643 /* Warp-ios */; };
		82355AFE2A8CCBE70023EB11 /* Assets.xcassets in Resources */ = {isa = PBXBuildFile; fileRef = 82355AFA2A8CCBE70023EB11 /* Assets.xcassets */; };
		82355B002A8CCBE70023EB11 /* Preview Content in Resources */ = {isa = PBXBuildFile; fileRef = 82355AFC2A8CCBE70023EB11 /* Preview Content */; };
		82355B022A8CCC810023EB11 /* Warp-ios in Frameworks */ = {isa = PBXBuildFile; productRef = 82355B012A8CCC810023EB11 /* Warp-ios */; };
		82355B112A8CD0C10023EB11 /* Warp_iosTori.swift in Sources */ = {isa = PBXBuildFile; fileRef = 82355B102A8CD0C10023EB11 /* Warp_iosTori.swift */; };
		82355B122A8CD1120023EB11 /* ContentView.swift in Sources */ = {isa = PBXBuildFile; fileRef = 82355B0A2A8CD0AA0023EB11 /* ContentView.swift */; };
		82584F182AA1D63E0052CCB3 /* Warp-ios in Frameworks */ = {isa = PBXBuildFile; productRef = 82584F172AA1D63E0052CCB3 /* Warp-ios */; };
		82584F192AA1D69A0052CCB3 /* Warp_iosFinn.swift in Sources */ = {isa = PBXBuildFile; fileRef = 82355B062A8CD0870023EB11 /* Warp_iosFinn.swift */; };
		82584F1A2AA1D69D0052CCB3 /* ContentView.swift in Sources */ = {isa = PBXBuildFile; fileRef = 82355B0A2A8CD0AA0023EB11 /* ContentView.swift */; };
		82584F1B2AA1D6A00052CCB3 /* ButtonView.swift in Sources */ = {isa = PBXBuildFile; fileRef = 82A215582A8DF4DC0062FB9E /* ButtonView.swift */; };
		82584F1C2AA1D6A20052CCB3 /* InputView.swift in Sources */ = {isa = PBXBuildFile; fileRef = 82A2155B2A8DF93B0062FB9E /* InputView.swift */; };
		82584F1D2AA1D6A40052CCB3 /* TypographyView.swift in Sources */ = {isa = PBXBuildFile; fileRef = 82043B7B2AA1B4ED00200643 /* TypographyView.swift */; };
		82584F1E2AA1D6A70052CCB3 /* Assets.xcassets in Resources */ = {isa = PBXBuildFile; fileRef = 82355B082A8CD0AA0023EB11 /* Assets.xcassets */; };
		82584F1F2AA1D6AD0052CCB3 /* Preview Content in Resources */ = {isa = PBXBuildFile; fileRef = 82355B0B2A8CD0AA0023EB11 /* Preview Content */; };
		82A2155A2A8DF4DC0062FB9E /* ButtonView.swift in Sources */ = {isa = PBXBuildFile; fileRef = 82A215582A8DF4DC0062FB9E /* ButtonView.swift */; };
		82A2155D2A8DF93B0062FB9E /* InputView.swift in Sources */ = {isa = PBXBuildFile; fileRef = 82A2155B2A8DF93B0062FB9E /* InputView.swift */; };
/* End PBXBuildFile section */

/* Begin PBXFileReference section */
		82043B7B2AA1B4ED00200643 /* TypographyView.swift */ = {isa = PBXFileReference; lastKnownFileType = sourcecode.swift; path = TypographyView.swift; sourceTree = "<group>"; };
		82043B822AA1B79C00200643 /* Warp.app */ = {isa = PBXFileReference; explicitFileType = wrapper.application; includeInIndex = 0; path = Warp.app; sourceTree = BUILT_PRODUCTS_DIR; };
		82043B842AA1B79C00200643 /* WarpApp.swift */ = {isa = PBXFileReference; lastKnownFileType = sourcecode.swift; path = WarpApp.swift; sourceTree = "<group>"; };
		82043B882AA1B79F00200643 /* Assets.xcassets */ = {isa = PBXFileReference; lastKnownFileType = folder.assetcatalog; path = Assets.xcassets; sourceTree = "<group>"; };
		82043B8B2AA1B79F00200643 /* Preview Assets.xcassets */ = {isa = PBXFileReference; lastKnownFileType = folder.assetcatalog; path = "Preview Assets.xcassets"; sourceTree = "<group>"; };
		8206620F2A8CC97C0088677D /* warp-ios */ = {isa = PBXFileReference; lastKnownFileType = wrapper; name = "warp-ios"; path = ..; sourceTree = "<group>"; };
		82355AFA2A8CCBE70023EB11 /* Assets.xcassets */ = {isa = PBXFileReference; lastKnownFileType = folder.assetcatalog; path = Assets.xcassets; sourceTree = "<group>"; };
		82355AFC2A8CCBE70023EB11 /* Preview Content */ = {isa = PBXFileReference; lastKnownFileType = folder; path = "Preview Content"; sourceTree = "<group>"; };
		82355B052A8CD07C0023EB11 /* Warp_iosSampleApp.entitlements */ = {isa = PBXFileReference; lastKnownFileType = text.plist.entitlements; name = Warp_iosSampleApp.entitlements; path = "Warp-iosFinn/Warp_iosSampleApp.entitlements"; sourceTree = "<group>"; };
		82355B062A8CD0870023EB11 /* Warp_iosFinn.swift */ = {isa = PBXFileReference; fileEncoding = 4; lastKnownFileType = sourcecode.swift; name = Warp_iosFinn.swift; path = "Warp-iosFinn/Warp_iosFinn.swift"; sourceTree = "<group>"; };
		82355B082A8CD0AA0023EB11 /* Assets.xcassets */ = {isa = PBXFileReference; lastKnownFileType = folder.assetcatalog; name = Assets.xcassets; path = "Warp-iosFinn/Assets.xcassets"; sourceTree = "<group>"; };
		82355B0A2A8CD0AA0023EB11 /* ContentView.swift */ = {isa = PBXFileReference; fileEncoding = 4; lastKnownFileType = sourcecode.swift; name = ContentView.swift; path = "Warp-iosFinn/ContentView.swift"; sourceTree = "<group>"; };
		82355B0B2A8CD0AA0023EB11 /* Preview Content */ = {isa = PBXFileReference; lastKnownFileType = folder; name = "Preview Content"; path = "Warp-iosFinn/Preview Content"; sourceTree = "<group>"; };
		82355B102A8CD0C10023EB11 /* Warp_iosTori.swift */ = {isa = PBXFileReference; lastKnownFileType = sourcecode.swift; path = Warp_iosTori.swift; sourceTree = "<group>"; };
		82584F092AA1D6000052CCB3 /* Finn.app */ = {isa = PBXFileReference; explicitFileType = wrapper.application; includeInIndex = 0; path = Finn.app; sourceTree = BUILT_PRODUCTS_DIR; };
		827C4B952A89410800660D82 /* Tori.app */ = {isa = PBXFileReference; explicitFileType = wrapper.application; includeInIndex = 0; path = Tori.app; sourceTree = BUILT_PRODUCTS_DIR; };
		82A215582A8DF4DC0062FB9E /* ButtonView.swift */ = {isa = PBXFileReference; lastKnownFileType = sourcecode.swift; path = ButtonView.swift; sourceTree = "<group>"; };
		82A2155B2A8DF93B0062FB9E /* InputView.swift */ = {isa = PBXFileReference; lastKnownFileType = sourcecode.swift; path = InputView.swift; sourceTree = "<group>"; };
/* End PBXFileReference section */

/* Begin PBXFrameworksBuildPhase section */
		82043B7F2AA1B79C00200643 /* Frameworks */ = {
			isa = PBXFrameworksBuildPhase;
			buildActionMask = 2147483647;
			files = (
				82043B952AA1B94000200643 /* Warp-ios in Frameworks */,
			);
			runOnlyForDeploymentPostprocessing = 0;
		};
		82584F062AA1D6000052CCB3 /* Frameworks */ = {
			isa = PBXFrameworksBuildPhase;
			buildActionMask = 2147483647;
			files = (
				82584F182AA1D63E0052CCB3 /* Warp-ios in Frameworks */,
			);
			runOnlyForDeploymentPostprocessing = 0;
		};
		827C4B922A89410800660D82 /* Frameworks */ = {
			isa = PBXFrameworksBuildPhase;
			buildActionMask = 2147483647;
			files = (
				82355B022A8CCC810023EB11 /* Warp-ios in Frameworks */,
			);
			runOnlyForDeploymentPostprocessing = 0;
		};
/* End PBXFrameworksBuildPhase section */

/* Begin PBXGroup section */
		82043B832AA1B79C00200643 /* Warp */ = {
			isa = PBXGroup;
			children = (
				82043B842AA1B79C00200643 /* WarpApp.swift */,
				82043B882AA1B79F00200643 /* Assets.xcassets */,
				82043B8A2AA1B79F00200643 /* Preview Content */,
			);
			path = Warp;
			sourceTree = "<group>";
		};
		82043B8A2AA1B79F00200643 /* Preview Content */ = {
			isa = PBXGroup;
			children = (
				82043B8B2AA1B79F00200643 /* Preview Assets.xcassets */,
			);
			path = "Preview Content";
			sourceTree = "<group>";
		};
		82355AF82A8CCBC90023EB11 /* Warp-iosTori */ = {
			isa = PBXGroup;
			children = (
				82355B102A8CD0C10023EB11 /* Warp_iosTori.swift */,
				82355AFA2A8CCBE70023EB11 /* Assets.xcassets */,
				82355AFC2A8CCBE70023EB11 /* Preview Content */,
			);
			path = "Warp-iosTori";
			sourceTree = "<group>";
		};
		8249777E2A893F400013475C = {
			isa = PBXGroup;
			children = (
				8206620F2A8CC97C0088677D /* warp-ios */,
				828547C92A8CCA3300401DA3 /* Warp-iosFinn */,
				82355AF82A8CCBC90023EB11 /* Warp-iosTori */,
				82043B832AA1B79C00200643 /* Warp */,
				824977882A893F400013475C /* Products */,
				827C4B8E2A89407F00660D82 /* Frameworks */,
			);
			sourceTree = "<group>";
		};
		824977882A893F400013475C /* Products */ = {
			isa = PBXGroup;
			children = (
				827C4B952A89410800660D82 /* Tori.app */,
				82043B822AA1B79C00200643 /* Warp.app */,
				82584F092AA1D6000052CCB3 /* Finn.app */,
			);
			name = Products;
			sourceTree = "<group>";
		};
		827C4B8E2A89407F00660D82 /* Frameworks */ = {
			isa = PBXGroup;
			children = (
			);
			name = Frameworks;
			sourceTree = "<group>";
		};
		828547C92A8CCA3300401DA3 /* Warp-iosFinn */ = {
			isa = PBXGroup;
			children = (
				82355B062A8CD0870023EB11 /* Warp_iosFinn.swift */,
				82355B0A2A8CD0AA0023EB11 /* ContentView.swift */,
				82A215582A8DF4DC0062FB9E /* ButtonView.swift */,
				82A2155B2A8DF93B0062FB9E /* InputView.swift */,
				82043B7B2AA1B4ED00200643 /* TypographyView.swift */,
				82355B082A8CD0AA0023EB11 /* Assets.xcassets */,
				82355B0B2A8CD0AA0023EB11 /* Preview Content */,
				82355B052A8CD07C0023EB11 /* Warp_iosSampleApp.entitlements */,
			);
			name = "Warp-iosFinn";
			sourceTree = "<group>";
		};
/* End PBXGroup section */

/* Begin PBXNativeTarget section */
		82043B812AA1B79C00200643 /* Warp */ = {
			isa = PBXNativeTarget;
			buildConfigurationList = 82043B8D2AA1B79F00200643 /* Build configuration list for PBXNativeTarget "Warp" */;
			buildPhases = (
				82043B7E2AA1B79C00200643 /* Sources */,
				82043B7F2AA1B79C00200643 /* Frameworks */,
				82043B802AA1B79C00200643 /* Resources */,
			);
			buildRules = (
			);
			dependencies = (
			);
			name = Warp;
			packageProductDependencies = (
				82043B942AA1B94000200643 /* Warp-ios */,
			);
			productName = Warp;
			productReference = 82043B822AA1B79C00200643 /* Warp.app */;
			productType = "com.apple.product-type.application";
		};
		82584F082AA1D6000052CCB3 /* Finn */ = {
			isa = PBXNativeTarget;
			buildConfigurationList = 82584F142AA1D6030052CCB3 /* Build configuration list for PBXNativeTarget "Finn" */;
			buildPhases = (
				82584F052AA1D6000052CCB3 /* Sources */,
				82584F062AA1D6000052CCB3 /* Frameworks */,
				82584F072AA1D6000052CCB3 /* Resources */,
			);
			buildRules = (
			);
			dependencies = (
			);
			name = Finn;
			packageProductDependencies = (
				82584F172AA1D63E0052CCB3 /* Warp-ios */,
			);
			productName = "Wrap-ios.Finn";
			productReference = 82584F092AA1D6000052CCB3 /* Finn.app */;
			productType = "com.apple.product-type.application";
		};
		827C4B942A89410800660D82 /* Tori */ = {
			isa = PBXNativeTarget;
			buildConfigurationList = 827C4BB62A89410B00660D82 /* Build configuration list for PBXNativeTarget "Tori" */;
			buildPhases = (
				827C4B912A89410800660D82 /* Sources */,
				827C4B922A89410800660D82 /* Frameworks */,
				827C4B932A89410800660D82 /* Resources */,
			);
			buildRules = (
			);
			dependencies = (
			);
			name = Tori;
			packageProductDependencies = (
				82355B012A8CCC810023EB11 /* Warp-ios */,
			);
			productName = "Wrap-iOS-Tori";
			productReference = 827C4B952A89410800660D82 /* Tori.app */;
			productType = "com.apple.product-type.application";
		};
/* End PBXNativeTarget section */

/* Begin PBXProject section */
		8249777F2A893F400013475C /* Project object */ = {
			isa = PBXProject;
			attributes = {
				BuildIndependentTargetsInParallel = 1;
				LastSwiftUpdateCheck = 1500;
				LastUpgradeCheck = 1500;
				TargetAttributes = {
					82043B812AA1B79C00200643 = {
						CreatedOnToolsVersion = 15.0;
					};
					82584F082AA1D6000052CCB3 = {
						CreatedOnToolsVersion = 15.0;
					};
					827C4B942A89410800660D82 = {
						CreatedOnToolsVersion = 15.0;
						LastSwiftMigration = 1500;
					};
				};
			};
			buildConfigurationList = 824977822A893F400013475C /* Build configuration list for PBXProject "Warp-iosSampleApp" */;
			compatibilityVersion = "Xcode 14.0";
			developmentRegion = en;
			hasScannedForEncodings = 0;
			knownRegions = (
				en,
				Base,
			);
			mainGroup = 8249777E2A893F400013475C;
			packageReferences = (
			);
			productRefGroup = 824977882A893F400013475C /* Products */;
			projectDirPath = "";
			projectRoot = "";
			targets = (
				82584F082AA1D6000052CCB3 /* Finn */,
				827C4B942A89410800660D82 /* Tori */,
				82043B812AA1B79C00200643 /* Warp */,
			);
		};
/* End PBXProject section */

/* Begin PBXResourcesBuildPhase section */
		82043B802AA1B79C00200643 /* Resources */ = {
			isa = PBXResourcesBuildPhase;
			buildActionMask = 2147483647;
			files = (
				82043B8C2AA1B79F00200643 /* Preview Assets.xcassets in Resources */,
				82043B892AA1B79F00200643 /* Assets.xcassets in Resources */,
			);
			runOnlyForDeploymentPostprocessing = 0;
		};
		82584F072AA1D6000052CCB3 /* Resources */ = {
			isa = PBXResourcesBuildPhase;
			buildActionMask = 2147483647;
			files = (
				82584F1F2AA1D6AD0052CCB3 /* Preview Content in Resources */,
				82584F1E2AA1D6A70052CCB3 /* Assets.xcassets in Resources */,
			);
			runOnlyForDeploymentPostprocessing = 0;
		};
		827C4B932A89410800660D82 /* Resources */ = {
			isa = PBXResourcesBuildPhase;
			buildActionMask = 2147483647;
			files = (
				82355B002A8CCBE70023EB11 /* Preview Content in Resources */,
				82355AFE2A8CCBE70023EB11 /* Assets.xcassets in Resources */,
			);
			runOnlyForDeploymentPostprocessing = 0;
		};
/* End PBXResourcesBuildPhase section */

/* Begin PBXSourcesBuildPhase section */
		82043B7E2AA1B79C00200643 /* Sources */ = {
			isa = PBXSourcesBuildPhase;
			buildActionMask = 2147483647;
			files = (
				82043B902AA1B8A900200643 /* ContentView.swift in Sources */,
				82043B922AA1B8B300200643 /* TypographyView.swift in Sources */,
				82043B932AA1B8B500200643 /* InputView.swift in Sources */,
				82043B852AA1B79C00200643 /* WarpApp.swift in Sources */,
				82043B912AA1B8B000200643 /* ButtonView.swift in Sources */,
			);
			runOnlyForDeploymentPostprocessing = 0;
		};
		82584F052AA1D6000052CCB3 /* Sources */ = {
			isa = PBXSourcesBuildPhase;
			buildActionMask = 2147483647;
			files = (
				82584F1A2AA1D69D0052CCB3 /* ContentView.swift in Sources */,
				82584F1C2AA1D6A20052CCB3 /* InputView.swift in Sources */,
				82584F192AA1D69A0052CCB3 /* Warp_iosFinn.swift in Sources */,
				82584F1B2AA1D6A00052CCB3 /* ButtonView.swift in Sources */,
				82584F1D2AA1D6A40052CCB3 /* TypographyView.swift in Sources */,
			);
			runOnlyForDeploymentPostprocessing = 0;
		};
		827C4B912A89410800660D82 /* Sources */ = {
			isa = PBXSourcesBuildPhase;
			buildActionMask = 2147483647;
			files = (
				82355B112A8CD0C10023EB11 /* Warp_iosTori.swift in Sources */,
				82A2155D2A8DF93B0062FB9E /* InputView.swift in Sources */,
				82A2155A2A8DF4DC0062FB9E /* ButtonView.swift in Sources */,
				82355B122A8CD1120023EB11 /* ContentView.swift in Sources */,
				82043B7D2AA1B4ED00200643 /* TypographyView.swift in Sources */,
			);
			runOnlyForDeploymentPostprocessing = 0;
		};
/* End PBXSourcesBuildPhase section */

/* Begin XCBuildConfiguration section */
		82043B8E2AA1B79F00200643 /* Debug */ = {
			isa = XCBuildConfiguration;
			buildSettings = {
				ASSETCATALOG_COMPILER_APPICON_NAME = AppIcon;
				ASSETCATALOG_COMPILER_GLOBAL_ACCENT_COLOR_NAME = AccentColor;
				CODE_SIGN_STYLE = Automatic;
				CURRENT_PROJECT_VERSION = 1;
				DEVELOPMENT_ASSET_PATHS = "\"Warp/Preview Content\"";
				DEVELOPMENT_TEAM = 42VL46DB59;
				ENABLE_PREVIEWS = YES;
				GCC_PREPROCESSOR_DEFINITIONS = (
					"DEBUG=1",
					"WARP=1",
				);
				GENERATE_INFOPLIST_FILE = YES;
				INFOPLIST_KEY_CFBundleDisplayName = Warp;
				INFOPLIST_KEY_UIApplicationSceneManifest_Generation = YES;
				INFOPLIST_KEY_UIApplicationSupportsIndirectInputEvents = YES;
				INFOPLIST_KEY_UILaunchScreen_Generation = YES;
				INFOPLIST_KEY_UISupportedInterfaceOrientations_iPad = "UIInterfaceOrientationPortrait UIInterfaceOrientationPortraitUpsideDown UIInterfaceOrientationLandscapeLeft UIInterfaceOrientationLandscapeRight";
				INFOPLIST_KEY_UISupportedInterfaceOrientations_iPhone = "UIInterfaceOrientationPortrait UIInterfaceOrientationLandscapeLeft UIInterfaceOrientationLandscapeRight";
				IPHONEOS_DEPLOYMENT_TARGET = 15.0;
				LD_RUNPATH_SEARCH_PATHS = (
					"$(inherited)",
					"@executable_path/Frameworks",
				);
				MARKETING_VERSION = 1.0;
				OTHER_SWIFT_FLAGS = "-DWARP";
				PRODUCT_BUNDLE_IDENTIFIER = com.nmp.Warp;
				PRODUCT_NAME = "$(TARGET_NAME)";
				SDKROOT = iphoneos;
				SUPPORTED_PLATFORMS = "iphoneos iphonesimulator";
				SUPPORTS_MACCATALYST = NO;
				SUPPORTS_MAC_DESIGNED_FOR_IPHONE_IPAD = NO;
				SUPPORTS_XR_DESIGNED_FOR_IPHONE_IPAD = NO;
				SWIFT_EMIT_LOC_STRINGS = YES;
				SWIFT_VERSION = 5.0;
				TARGETED_DEVICE_FAMILY = "1,2";
			};
			name = Debug;
		};
		82043B8F2AA1B79F00200643 /* Release */ = {
			isa = XCBuildConfiguration;
			buildSettings = {
				ASSETCATALOG_COMPILER_APPICON_NAME = AppIcon;
				ASSETCATALOG_COMPILER_GLOBAL_ACCENT_COLOR_NAME = AccentColor;
				CODE_SIGN_STYLE = Automatic;
				CURRENT_PROJECT_VERSION = 1;
				DEVELOPMENT_ASSET_PATHS = "\"Warp/Preview Content\"";
				DEVELOPMENT_TEAM = 42VL46DB59;
				ENABLE_PREVIEWS = YES;
				GCC_PREPROCESSOR_DEFINITIONS = "WARP=1";
				GENERATE_INFOPLIST_FILE = YES;
				INFOPLIST_KEY_CFBundleDisplayName = Warp;
				INFOPLIST_KEY_UIApplicationSceneManifest_Generation = YES;
				INFOPLIST_KEY_UIApplicationSupportsIndirectInputEvents = YES;
				INFOPLIST_KEY_UILaunchScreen_Generation = YES;
				INFOPLIST_KEY_UISupportedInterfaceOrientations_iPad = "UIInterfaceOrientationPortrait UIInterfaceOrientationPortraitUpsideDown UIInterfaceOrientationLandscapeLeft UIInterfaceOrientationLandscapeRight";
				INFOPLIST_KEY_UISupportedInterfaceOrientations_iPhone = "UIInterfaceOrientationPortrait UIInterfaceOrientationLandscapeLeft UIInterfaceOrientationLandscapeRight";
				IPHONEOS_DEPLOYMENT_TARGET = 15.0;
				LD_RUNPATH_SEARCH_PATHS = (
					"$(inherited)",
					"@executable_path/Frameworks",
				);
				MARKETING_VERSION = 1.0;
				OTHER_SWIFT_FLAGS = "-DWARP";
				PRODUCT_BUNDLE_IDENTIFIER = com.nmp.Warp;
				PRODUCT_NAME = "$(TARGET_NAME)";
				SDKROOT = iphoneos;
				SUPPORTED_PLATFORMS = "iphoneos iphonesimulator";
				SUPPORTS_MACCATALYST = NO;
				SUPPORTS_MAC_DESIGNED_FOR_IPHONE_IPAD = NO;
				SUPPORTS_XR_DESIGNED_FOR_IPHONE_IPAD = NO;
				SWIFT_EMIT_LOC_STRINGS = YES;
				SWIFT_VERSION = 5.0;
				TARGETED_DEVICE_FAMILY = "1,2";
				VALIDATE_PRODUCT = YES;
			};
			name = Release;
		};
		824977AA2A893F430013475C /* Debug */ = {
			isa = XCBuildConfiguration;
			buildSettings = {
				ALWAYS_SEARCH_USER_PATHS = NO;
				ASSETCATALOG_COMPILER_GENERATE_SWIFT_ASSET_SYMBOL_EXTENSIONS = YES;
				CLANG_ANALYZER_NONNULL = YES;
				CLANG_ANALYZER_NUMBER_OBJECT_CONVERSION = YES_AGGRESSIVE;
				CLANG_CXX_LANGUAGE_STANDARD = "gnu++20";
				CLANG_ENABLE_MODULES = YES;
				CLANG_ENABLE_OBJC_ARC = YES;
				CLANG_ENABLE_OBJC_WEAK = YES;
				CLANG_WARN_BLOCK_CAPTURE_AUTORELEASING = YES;
				CLANG_WARN_BOOL_CONVERSION = YES;
				CLANG_WARN_COMMA = YES;
				CLANG_WARN_CONSTANT_CONVERSION = YES;
				CLANG_WARN_DEPRECATED_OBJC_IMPLEMENTATIONS = YES;
				CLANG_WARN_DIRECT_OBJC_ISA_USAGE = YES_ERROR;
				CLANG_WARN_DOCUMENTATION_COMMENTS = YES;
				CLANG_WARN_EMPTY_BODY = YES;
				CLANG_WARN_ENUM_CONVERSION = YES;
				CLANG_WARN_INFINITE_RECURSION = YES;
				CLANG_WARN_INT_CONVERSION = YES;
				CLANG_WARN_NON_LITERAL_NULL_CONVERSION = YES;
				CLANG_WARN_OBJC_IMPLICIT_RETAIN_SELF = YES;
				CLANG_WARN_OBJC_LITERAL_CONVERSION = YES;
				CLANG_WARN_OBJC_ROOT_CLASS = YES_ERROR;
				CLANG_WARN_QUOTED_INCLUDE_IN_FRAMEWORK_HEADER = YES;
				CLANG_WARN_RANGE_LOOP_ANALYSIS = YES;
				CLANG_WARN_STRICT_PROTOTYPES = YES;
				CLANG_WARN_SUSPICIOUS_MOVE = YES;
				CLANG_WARN_UNGUARDED_AVAILABILITY = YES_AGGRESSIVE;
				CLANG_WARN_UNREACHABLE_CODE = YES;
				CLANG_WARN__DUPLICATE_METHOD_MATCH = YES;
				COPY_PHASE_STRIP = NO;
				DEBUG_INFORMATION_FORMAT = dwarf;
				ENABLE_STRICT_OBJC_MSGSEND = YES;
				ENABLE_TESTABILITY = YES;
				ENABLE_USER_SCRIPT_SANDBOXING = YES;
				GCC_C_LANGUAGE_STANDARD = gnu17;
				GCC_DYNAMIC_NO_PIC = NO;
				GCC_NO_COMMON_BLOCKS = YES;
				GCC_OPTIMIZATION_LEVEL = 0;
				GCC_PREPROCESSOR_DEFINITIONS = (
					"DEBUG=1",
					"$(inherited)",
				);
				GCC_WARN_64_TO_32_BIT_CONVERSION = YES;
				GCC_WARN_ABOUT_RETURN_TYPE = YES_ERROR;
				GCC_WARN_UNDECLARED_SELECTOR = YES;
				GCC_WARN_UNINITIALIZED_AUTOS = YES_AGGRESSIVE;
				GCC_WARN_UNUSED_FUNCTION = YES;
				GCC_WARN_UNUSED_VARIABLE = YES;
				LOCALIZATION_PREFERS_STRING_CATALOGS = YES;
				MTL_ENABLE_DEBUG_INFO = INCLUDE_SOURCE;
				MTL_FAST_MATH = YES;
				ONLY_ACTIVE_ARCH = YES;
				SWIFT_ACTIVE_COMPILATION_CONDITIONS = "DEBUG $(inherited)";
				SWIFT_OPTIMIZATION_LEVEL = "-Onone";
			};
			name = Debug;
		};
		824977AB2A893F430013475C /* Release */ = {
			isa = XCBuildConfiguration;
			buildSettings = {
				ALWAYS_SEARCH_USER_PATHS = NO;
				ASSETCATALOG_COMPILER_GENERATE_SWIFT_ASSET_SYMBOL_EXTENSIONS = YES;
				CLANG_ANALYZER_NONNULL = YES;
				CLANG_ANALYZER_NUMBER_OBJECT_CONVERSION = YES_AGGRESSIVE;
				CLANG_CXX_LANGUAGE_STANDARD = "gnu++20";
				CLANG_ENABLE_MODULES = YES;
				CLANG_ENABLE_OBJC_ARC = YES;
				CLANG_ENABLE_OBJC_WEAK = YES;
				CLANG_WARN_BLOCK_CAPTURE_AUTORELEASING = YES;
				CLANG_WARN_BOOL_CONVERSION = YES;
				CLANG_WARN_COMMA = YES;
				CLANG_WARN_CONSTANT_CONVERSION = YES;
				CLANG_WARN_DEPRECATED_OBJC_IMPLEMENTATIONS = YES;
				CLANG_WARN_DIRECT_OBJC_ISA_USAGE = YES_ERROR;
				CLANG_WARN_DOCUMENTATION_COMMENTS = YES;
				CLANG_WARN_EMPTY_BODY = YES;
				CLANG_WARN_ENUM_CONVERSION = YES;
				CLANG_WARN_INFINITE_RECURSION = YES;
				CLANG_WARN_INT_CONVERSION = YES;
				CLANG_WARN_NON_LITERAL_NULL_CONVERSION = YES;
				CLANG_WARN_OBJC_IMPLICIT_RETAIN_SELF = YES;
				CLANG_WARN_OBJC_LITERAL_CONVERSION = YES;
				CLANG_WARN_OBJC_ROOT_CLASS = YES_ERROR;
				CLANG_WARN_QUOTED_INCLUDE_IN_FRAMEWORK_HEADER = YES;
				CLANG_WARN_RANGE_LOOP_ANALYSIS = YES;
				CLANG_WARN_STRICT_PROTOTYPES = YES;
				CLANG_WARN_SUSPICIOUS_MOVE = YES;
				CLANG_WARN_UNGUARDED_AVAILABILITY = YES_AGGRESSIVE;
				CLANG_WARN_UNREACHABLE_CODE = YES;
				CLANG_WARN__DUPLICATE_METHOD_MATCH = YES;
				COPY_PHASE_STRIP = NO;
				DEBUG_INFORMATION_FORMAT = "dwarf-with-dsym";
				ENABLE_NS_ASSERTIONS = NO;
				ENABLE_STRICT_OBJC_MSGSEND = YES;
				ENABLE_USER_SCRIPT_SANDBOXING = YES;
				GCC_C_LANGUAGE_STANDARD = gnu17;
				GCC_NO_COMMON_BLOCKS = YES;
				GCC_WARN_64_TO_32_BIT_CONVERSION = YES;
				GCC_WARN_ABOUT_RETURN_TYPE = YES_ERROR;
				GCC_WARN_UNDECLARED_SELECTOR = YES;
				GCC_WARN_UNINITIALIZED_AUTOS = YES_AGGRESSIVE;
				GCC_WARN_UNUSED_FUNCTION = YES;
				GCC_WARN_UNUSED_VARIABLE = YES;
				LOCALIZATION_PREFERS_STRING_CATALOGS = YES;
				MTL_ENABLE_DEBUG_INFO = NO;
				MTL_FAST_MATH = YES;
				SWIFT_COMPILATION_MODE = wholemodule;
			};
			name = Release;
		};
		82584F152AA1D6030052CCB3 /* Debug */ = {
			isa = XCBuildConfiguration;
			buildSettings = {
				ASSETCATALOG_COMPILER_APPICON_NAME = AppIcon;
				ASSETCATALOG_COMPILER_GLOBAL_ACCENT_COLOR_NAME = AccentColor;
				CODE_SIGN_STYLE = Automatic;
				CURRENT_PROJECT_VERSION = 1;
				DEVELOPMENT_ASSET_PATHS = "Warp-iosFinn/Preview\\ Content";
				DEVELOPMENT_TEAM = 42VL46DB59;
				ENABLE_PREVIEWS = YES;
				GENERATE_INFOPLIST_FILE = YES;
				INFOPLIST_KEY_CFBundleDisplayName = "Finn Warp";
				INFOPLIST_KEY_UIApplicationSceneManifest_Generation = YES;
				INFOPLIST_KEY_UIApplicationSupportsIndirectInputEvents = YES;
				INFOPLIST_KEY_UILaunchScreen_Generation = YES;
				INFOPLIST_KEY_UISupportedInterfaceOrientations_iPad = "UIInterfaceOrientationPortrait UIInterfaceOrientationPortraitUpsideDown UIInterfaceOrientationLandscapeLeft UIInterfaceOrientationLandscapeRight";
				INFOPLIST_KEY_UISupportedInterfaceOrientations_iPhone = "UIInterfaceOrientationPortrait UIInterfaceOrientationLandscapeLeft UIInterfaceOrientationLandscapeRight";
				IPHONEOS_DEPLOYMENT_TARGET = 15.0;
				LD_RUNPATH_SEARCH_PATHS = (
					"$(inherited)",
					"@executable_path/Frameworks",
				);
				MARKETING_VERSION = 1.0;
				PRODUCT_BUNDLE_IDENTIFIER = "com.nmp.warp-ios.Finn";
				PRODUCT_NAME = "$(TARGET_NAME)";
				SDKROOT = iphoneos;
				SUPPORTED_PLATFORMS = "iphoneos iphonesimulator";
				SUPPORTS_MACCATALYST = NO;
				SUPPORTS_MAC_DESIGNED_FOR_IPHONE_IPAD = NO;
				SUPPORTS_XR_DESIGNED_FOR_IPHONE_IPAD = NO;
				SWIFT_EMIT_LOC_STRINGS = YES;
				SWIFT_VERSION = 5.0;
				TARGETED_DEVICE_FAMILY = "1,2";
			};
			name = Debug;
		};
		82584F162AA1D6030052CCB3 /* Release */ = {
			isa = XCBuildConfiguration;
			buildSettings = {
				ASSETCATALOG_COMPILER_APPICON_NAME = AppIcon;
				ASSETCATALOG_COMPILER_GLOBAL_ACCENT_COLOR_NAME = AccentColor;
				CODE_SIGN_STYLE = Automatic;
				CURRENT_PROJECT_VERSION = 1;
				DEVELOPMENT_ASSET_PATHS = "Warp-iosFinn/Preview\\ Content";
				DEVELOPMENT_TEAM = 42VL46DB59;
				ENABLE_PREVIEWS = YES;
				GENERATE_INFOPLIST_FILE = YES;
				INFOPLIST_KEY_CFBundleDisplayName = "Finn Warp";
				INFOPLIST_KEY_UIApplicationSceneManifest_Generation = YES;
				INFOPLIST_KEY_UIApplicationSupportsIndirectInputEvents = YES;
				INFOPLIST_KEY_UILaunchScreen_Generation = YES;
				INFOPLIST_KEY_UISupportedInterfaceOrientations_iPad = "UIInterfaceOrientationPortrait UIInterfaceOrientationPortraitUpsideDown UIInterfaceOrientationLandscapeLeft UIInterfaceOrientationLandscapeRight";
				INFOPLIST_KEY_UISupportedInterfaceOrientations_iPhone = "UIInterfaceOrientationPortrait UIInterfaceOrientationLandscapeLeft UIInterfaceOrientationLandscapeRight";
				IPHONEOS_DEPLOYMENT_TARGET = 15.0;
				LD_RUNPATH_SEARCH_PATHS = (
					"$(inherited)",
					"@executable_path/Frameworks",
				);
				MARKETING_VERSION = 1.0;
				PRODUCT_BUNDLE_IDENTIFIER = "com.nmp.warp-ios.Finn";
				PRODUCT_NAME = "$(TARGET_NAME)";
				SDKROOT = iphoneos;
				SUPPORTED_PLATFORMS = "iphoneos iphonesimulator";
				SUPPORTS_MACCATALYST = NO;
				SUPPORTS_MAC_DESIGNED_FOR_IPHONE_IPAD = NO;
				SUPPORTS_XR_DESIGNED_FOR_IPHONE_IPAD = NO;
				SWIFT_EMIT_LOC_STRINGS = YES;
				SWIFT_VERSION = 5.0;
				TARGETED_DEVICE_FAMILY = "1,2";
				VALIDATE_PRODUCT = YES;
			};
			name = Release;
		};
		827C4BB72A89410B00660D82 /* Debug */ = {
			isa = XCBuildConfiguration;
			buildSettings = {
				ASSETCATALOG_COMPILER_APPICON_NAME = AppIcon;
				ASSETCATALOG_COMPILER_GLOBAL_ACCENT_COLOR_NAME = AccentColor;
				CLANG_ENABLE_MODULES = YES;
				CODE_SIGN_STYLE = Automatic;
				CURRENT_PROJECT_VERSION = 1;
				DEVELOPMENT_ASSET_PATHS = "\"Warp-iosTori/Preview Content\"";
				DEVELOPMENT_TEAM = 42VL46DB59;
				ENABLE_PREVIEWS = YES;
				GENERATE_INFOPLIST_FILE = YES;
				INFOPLIST_KEY_CFBundleDisplayName = "Tori Warp";
				INFOPLIST_KEY_UIApplicationSceneManifest_Generation = YES;
				INFOPLIST_KEY_UIApplicationSupportsIndirectInputEvents = YES;
				INFOPLIST_KEY_UILaunchScreen_Generation = YES;
				INFOPLIST_KEY_UISupportedInterfaceOrientations_iPad = "UIInterfaceOrientationPortrait UIInterfaceOrientationPortraitUpsideDown UIInterfaceOrientationLandscapeLeft UIInterfaceOrientationLandscapeRight";
				INFOPLIST_KEY_UISupportedInterfaceOrientations_iPhone = "UIInterfaceOrientationPortrait UIInterfaceOrientationLandscapeLeft UIInterfaceOrientationLandscapeRight";
				IPHONEOS_DEPLOYMENT_TARGET = 15.0;
				LD_RUNPATH_SEARCH_PATHS = (
					"$(inherited)",
					"@executable_path/Frameworks",
				);
				MARKETING_VERSION = 1.0;
				OTHER_SWIFT_FLAGS = "";
				PRODUCT_BUNDLE_IDENTIFIER = "com.nmp.warp-ios.Tori";
				PRODUCT_NAME = "$(TARGET_NAME)";
				SDKROOT = iphoneos;
				SUPPORTED_PLATFORMS = "iphoneos iphonesimulator";
				SUPPORTS_MACCATALYST = NO;
				SUPPORTS_MAC_DESIGNED_FOR_IPHONE_IPAD = NO;
				SUPPORTS_XR_DESIGNED_FOR_IPHONE_IPAD = NO;
				SWIFT_EMIT_LOC_STRINGS = YES;
				SWIFT_OPTIMIZATION_LEVEL = "-Onone";
				SWIFT_VERSION = 5.0;
				TARGETED_DEVICE_FAMILY = "1,2";
			};
			name = Debug;
		};
		827C4BB82A89410B00660D82 /* Release */ = {
			isa = XCBuildConfiguration;
			buildSettings = {
				ASSETCATALOG_COMPILER_APPICON_NAME = AppIcon;
				ASSETCATALOG_COMPILER_GLOBAL_ACCENT_COLOR_NAME = AccentColor;
				CLANG_ENABLE_MODULES = YES;
				CODE_SIGN_STYLE = Automatic;
				CURRENT_PROJECT_VERSION = 1;
				DEVELOPMENT_ASSET_PATHS = "\"Warp-iosTori/Preview Content\"";
				DEVELOPMENT_TEAM = 42VL46DB59;
				ENABLE_PREVIEWS = YES;
				GENERATE_INFOPLIST_FILE = YES;
				INFOPLIST_KEY_CFBundleDisplayName = "Tori Warp";
				INFOPLIST_KEY_UIApplicationSceneManifest_Generation = YES;
				INFOPLIST_KEY_UIApplicationSupportsIndirectInputEvents = YES;
				INFOPLIST_KEY_UILaunchScreen_Generation = YES;
				INFOPLIST_KEY_UISupportedInterfaceOrientations_iPad = "UIInterfaceOrientationPortrait UIInterfaceOrientationPortraitUpsideDown UIInterfaceOrientationLandscapeLeft UIInterfaceOrientationLandscapeRight";
				INFOPLIST_KEY_UISupportedInterfaceOrientations_iPhone = "UIInterfaceOrientationPortrait UIInterfaceOrientationLandscapeLeft UIInterfaceOrientationLandscapeRight";
				IPHONEOS_DEPLOYMENT_TARGET = 15.0;
				LD_RUNPATH_SEARCH_PATHS = (
					"$(inherited)",
					"@executable_path/Frameworks",
				);
				MARKETING_VERSION = 1.0;
				OTHER_SWIFT_FLAGS = "";
				PRODUCT_BUNDLE_IDENTIFIER = "com.nmp.warp-ios.Tori";
				PRODUCT_NAME = "$(TARGET_NAME)";
				SDKROOT = iphoneos;
				SUPPORTED_PLATFORMS = "iphoneos iphonesimulator";
				SUPPORTS_MACCATALYST = NO;
				SUPPORTS_MAC_DESIGNED_FOR_IPHONE_IPAD = NO;
				SUPPORTS_XR_DESIGNED_FOR_IPHONE_IPAD = NO;
				SWIFT_EMIT_LOC_STRINGS = YES;
				SWIFT_VERSION = 5.0;
				TARGETED_DEVICE_FAMILY = "1,2";
				VALIDATE_PRODUCT = YES;
			};
			name = Release;
		};
/* End XCBuildConfiguration section */

/* Begin XCConfigurationList section */
		82043B8D2AA1B79F00200643 /* Build configuration list for PBXNativeTarget "Warp" */ = {
			isa = XCConfigurationList;
			buildConfigurations = (
				82043B8E2AA1B79F00200643 /* Debug */,
				82043B8F2AA1B79F00200643 /* Release */,
			);
			defaultConfigurationIsVisible = 0;
			defaultConfigurationName = Release;
		};
		824977822A893F400013475C /* Build configuration list for PBXProject "Warp-iosSampleApp" */ = {
			isa = XCConfigurationList;
			buildConfigurations = (
				824977AA2A893F430013475C /* Debug */,
				824977AB2A893F430013475C /* Release */,
			);
			defaultConfigurationIsVisible = 0;
			defaultConfigurationName = Release;
		};
		82584F142AA1D6030052CCB3 /* Build configuration list for PBXNativeTarget "Finn" */ = {
			isa = XCConfigurationList;
			buildConfigurations = (
				82584F152AA1D6030052CCB3 /* Debug */,
				82584F162AA1D6030052CCB3 /* Release */,
			);
			defaultConfigurationIsVisible = 0;
			defaultConfigurationName = Release;
		};
		827C4BB62A89410B00660D82 /* Build configuration list for PBXNativeTarget "Tori" */ = {
			isa = XCConfigurationList;
			buildConfigurations = (
				827C4BB72A89410B00660D82 /* Debug */,
				827C4BB82A89410B00660D82 /* Release */,
			);
			defaultConfigurationIsVisible = 0;
			defaultConfigurationName = Release;
		};
/* End XCConfigurationList section */

/* Begin XCSwiftPackageProductDependency section */
		82043B942AA1B94000200643 /* Warp-ios */ = {
			isa = XCSwiftPackageProductDependency;
			productName = "Warp-ios";
		};
		82355B012A8CCC810023EB11 /* Warp-ios */ = {
			isa = XCSwiftPackageProductDependency;
			productName = "Warp-ios";
		};
		82584F172AA1D63E0052CCB3 /* Warp-ios */ = {
			isa = XCSwiftPackageProductDependency;
			productName = "Warp-ios";
		};
/* End XCSwiftPackageProductDependency section */
	};
	rootObject = 8249777F2A893F400013475C /* Project object */;
}
