// !$*UTF8*$!
{
	archiveVersion = 1;
	classes = {
	};
	objectVersion = 56;
	objects = {

/* Begin PBXBuildFile section */
		00BC50DB2C2C050D002C4FF0 /* ModalView.swift in Sources */ = {isa = PBXBuildFile; fileRef = 003CB8E82C19B5D5008C42B1 /* ModalView.swift */; };
		00BC50DC2C2C0AD0002C4FF0 /* ModalView.swift in Sources */ = {isa = PBXBuildFile; fileRef = 003CB8E82C19B5D5008C42B1 /* ModalView.swift */; };
		2E1ADF4E2C2561A700DFEE06 /* TypographyView.swift in Sources */ = {isa = PBXBuildFile; fileRef = 349586632B0EAD2D00A14570 /* TypographyView.swift */; };
		2E1ADF4F2C2561A700DFEE06 /* TextView.swift in Sources */ = {isa = PBXBuildFile; fileRef = 82B168112B750BED00DCDDE5 /* TextView.swift */; };
		2E1ADF502C2561A700DFEE06 /* BadgeView.swift in Sources */ = {isa = PBXBuildFile; fileRef = 828E7D442B61239100869C58 /* BadgeView.swift */; };
		2E1ADF522C2561A700DFEE06 /* BroadcastView.swift in Sources */ = {isa = PBXBuildFile; fileRef = 82C7E6F42B7B85E000760C08 /* BroadcastView.swift */; };
		2E1ADF532C2561A700DFEE06 /* CalloutView.swift in Sources */ = {isa = PBXBuildFile; fileRef = B2A8B2782B6D33B800122DBC /* CalloutView.swift */; };
		2E1ADF542C2561A700DFEE06 /* SpinnerView.swift in Sources */ = {isa = PBXBuildFile; fileRef = 82635D062BFE1CA700F7FA6F /* SpinnerView.swift */; };
		2E1ADF552C2561A700DFEE06 /* TextFieldView.swift in Sources */ = {isa = PBXBuildFile; fileRef = 82A2155B2A8DF93B0062FB9E /* TextFieldView.swift */; };
		2E1ADF562C2561A700DFEE06 /* BrandTokensView.swift in Sources */ = {isa = PBXBuildFile; fileRef = 8251E8C92B4E8B7D00106720 /* BrandTokensView.swift */; };
		2E1ADF572C2561A700DFEE06 /* PillView.swift in Sources */ = {isa = PBXBuildFile; fileRef = 82838CF02B62B35400E3C495 /* PillView.swift */; };
		2E1ADF582C2561A700DFEE06 /* ShadowView.swift in Sources */ = {isa = PBXBuildFile; fileRef = 8213D0AE2B9078D700FCA310 /* ShadowView.swift */; };
		2E1ADF592C2561A700DFEE06 /* AlertView.swift in Sources */ = {isa = PBXBuildFile; fileRef = 349D0E122B62D67A00AAB421 /* AlertView.swift */; };
		2E1ADF5A2C2561A700DFEE06 /* BoxView.swift in Sources */ = {isa = PBXBuildFile; fileRef = 341B20E72B751BD30068FF43 /* BoxView.swift */; };
		2E1ADF5B2C2561A700DFEE06 /* ButtonView.swift in Sources */ = {isa = PBXBuildFile; fileRef = 82A215582A8DF4DC0062FB9E /* ButtonView.swift */; };
		2E1ADF5C2C2561A700DFEE06 /* ToastView.swift in Sources */ = {isa = PBXBuildFile; fileRef = B2922A6D2B68E7F200A3E9F4 /* ToastView.swift */; };
		2E1ADF5D2C2561A700DFEE06 /* ContentView.swift in Sources */ = {isa = PBXBuildFile; fileRef = 82355B0A2A8CD0AA0023EB11 /* ContentView.swift */; };
		2E1ADF5F2C2561A700DFEE06 /* FirebaseAnalytics in Frameworks */ = {isa = PBXBuildFile; productRef = 2E1ADF4B2C2561A700DFEE06 /* FirebaseAnalytics */; };
		2E1ADF602C2561A700DFEE06 /* Warp in Frameworks */ = {isa = PBXBuildFile; productRef = 2E1ADF4A2C2561A700DFEE06 /* Warp */; };
		2E1ADF6F2C2561D200DFEE06 /* Preview Assets.xcassets in Resources */ = {isa = PBXBuildFile; fileRef = 2E1ADF692C2561D200DFEE06 /* Preview Assets.xcassets */; };
		2E1ADF702C2561D200DFEE06 /* Assets.xcassets in Resources */ = {isa = PBXBuildFile; fileRef = 2E1ADF6B2C2561D200DFEE06 /* Assets.xcassets */; };
		2E1ADF722C2561D200DFEE06 /* Warp_iosDBA.swift in Sources */ = {isa = PBXBuildFile; fileRef = 2E1ADF6D2C2561D200DFEE06 /* Warp_iosDBA.swift */; };
		341B20E92B751C250068FF43 /* BoxView.swift in Sources */ = {isa = PBXBuildFile; fileRef = 341B20E72B751BD30068FF43 /* BoxView.swift */; };
		349586652B0F727600A14570 /* TypographyView.swift in Sources */ = {isa = PBXBuildFile; fileRef = 349586632B0EAD2D00A14570 /* TypographyView.swift */; };
		349D0E142B62D67E00AAB421 /* AlertView.swift in Sources */ = {isa = PBXBuildFile; fileRef = 349D0E122B62D67A00AAB421 /* AlertView.swift */; };
		34A278C22AD5473C00EE6ED8 /* Warp in Frameworks */ = {isa = PBXBuildFile; productRef = 34A278C12AD5473C00EE6ED8 /* Warp */; };
		820A85EB2C6CEB0C006D35A0 /* TypographyView.swift in Sources */ = {isa = PBXBuildFile; fileRef = 349586632B0EAD2D00A14570 /* TypographyView.swift */; };
		820A85EC2C6CEB0C006D35A0 /* TextView.swift in Sources */ = {isa = PBXBuildFile; fileRef = 82B168112B750BED00DCDDE5 /* TextView.swift */; };
		820A85EE2C6CEB0C006D35A0 /* StepIndicatorView.swift in Sources */ = {isa = PBXBuildFile; fileRef = B295AC392C22F93D004C77BB /* StepIndicatorView.swift */; };
		820A85EF2C6CEB0C006D35A0 /* ModalView.swift in Sources */ = {isa = PBXBuildFile; fileRef = 003CB8E82C19B5D5008C42B1 /* ModalView.swift */; };
		820A85F02C6CEB0C006D35A0 /* BadgeView.swift in Sources */ = {isa = PBXBuildFile; fileRef = 828E7D442B61239100869C58 /* BadgeView.swift */; };
		820A85F12C6CEB0C006D35A0 /* BroadcastView.swift in Sources */ = {isa = PBXBuildFile; fileRef = 82C7E6F42B7B85E000760C08 /* BroadcastView.swift */; };
		820A85F22C6CEB0C006D35A0 /* CalloutView.swift in Sources */ = {isa = PBXBuildFile; fileRef = B2A8B2782B6D33B800122DBC /* CalloutView.swift */; };
		820A85F32C6CEB0C006D35A0 /* ShadowUIView.swift in Sources */ = {isa = PBXBuildFile; fileRef = 82AE96102C64C2C000BF3920 /* ShadowUIView.swift */; };
		820A85F42C6CEB0C006D35A0 /* SpinnerView.swift in Sources */ = {isa = PBXBuildFile; fileRef = 82635D062BFE1CA700F7FA6F /* SpinnerView.swift */; };
		820A85F52C6CEB0C006D35A0 /* TextFieldView.swift in Sources */ = {isa = PBXBuildFile; fileRef = 82A2155B2A8DF93B0062FB9E /* TextFieldView.swift */; };
		820A85F62C6CEB0C006D35A0 /* BrandTokensView.swift in Sources */ = {isa = PBXBuildFile; fileRef = 8251E8C92B4E8B7D00106720 /* BrandTokensView.swift */; };
		820A85F72C6CEB0C006D35A0 /* PillView.swift in Sources */ = {isa = PBXBuildFile; fileRef = 82838CF02B62B35400E3C495 /* PillView.swift */; };
		820A85F82C6CEB0C006D35A0 /* ShadowView.swift in Sources */ = {isa = PBXBuildFile; fileRef = 8213D0AE2B9078D700FCA310 /* ShadowView.swift */; };
		820A85F92C6CEB0C006D35A0 /* AlertView.swift in Sources */ = {isa = PBXBuildFile; fileRef = 349D0E122B62D67A00AAB421 /* AlertView.swift */; };
		820A85FA2C6CEB0C006D35A0 /* ExpandableView.swift in Sources */ = {isa = PBXBuildFile; fileRef = B238A26D2C2EB60A00CD1CAC /* ExpandableView.swift */; };
		820A85FB2C6CEB0C006D35A0 /* BoxView.swift in Sources */ = {isa = PBXBuildFile; fileRef = 341B20E72B751BD30068FF43 /* BoxView.swift */; };
		820A85FC2C6CEB0C006D35A0 /* ButtonView.swift in Sources */ = {isa = PBXBuildFile; fileRef = 82A215582A8DF4DC0062FB9E /* ButtonView.swift */; };
		820A85FD2C6CEB0C006D35A0 /* ToastView.swift in Sources */ = {isa = PBXBuildFile; fileRef = B2922A6D2B68E7F200A3E9F4 /* ToastView.swift */; };
		820A85FE2C6CEB0C006D35A0 /* ContentView.swift in Sources */ = {isa = PBXBuildFile; fileRef = 82355B0A2A8CD0AA0023EB11 /* ContentView.swift */; };
		820A86002C6CEB0C006D35A0 /* FirebaseAnalytics in Frameworks */ = {isa = PBXBuildFile; productRef = 820A85E82C6CEB0C006D35A0 /* FirebaseAnalytics */; };
		820A86012C6CEB0C006D35A0 /* Warp in Frameworks */ = {isa = PBXBuildFile; productRef = 820A85E72C6CEB0C006D35A0 /* Warp */; };
		820A86122C6CEC30006D35A0 /* Preview Assets.xcassets in Resources */ = {isa = PBXBuildFile; fileRef = 820A860B2C6CEC30006D35A0 /* Preview Assets.xcassets */; };
		820A86132C6CEC30006D35A0 /* Assets.xcassets in Resources */ = {isa = PBXBuildFile; fileRef = 820A860D2C6CEC30006D35A0 /* Assets.xcassets */; };
		820A86142C6CEC30006D35A0 /* Warp_iosBlocket.swift in Sources */ = {isa = PBXBuildFile; fileRef = 820A860F2C6CEC30006D35A0 /* Warp_iosBlocket.swift */; };
		820A86162C6CED11006D35A0 /* GoogleService-Info.plist in Resources */ = {isa = PBXBuildFile; fileRef = 820A86152C6CED11006D35A0 /* GoogleService-Info.plist */; };
		820A86272C6D4388006D35A0 /* TypographyView.swift in Sources */ = {isa = PBXBuildFile; fileRef = 349586632B0EAD2D00A14570 /* TypographyView.swift */; };
		820A86282C6D4388006D35A0 /* TextView.swift in Sources */ = {isa = PBXBuildFile; fileRef = 82B168112B750BED00DCDDE5 /* TextView.swift */; };
		820A86292C6D4388006D35A0 /* StepIndicatorView.swift in Sources */ = {isa = PBXBuildFile; fileRef = B295AC392C22F93D004C77BB /* StepIndicatorView.swift */; };
		820A862A2C6D4388006D35A0 /* BadgeView.swift in Sources */ = {isa = PBXBuildFile; fileRef = 828E7D442B61239100869C58 /* BadgeView.swift */; };
		820A862B2C6D4388006D35A0 /* ModalView.swift in Sources */ = {isa = PBXBuildFile; fileRef = 003CB8E82C19B5D5008C42B1 /* ModalView.swift */; };
		820A862C2C6D4388006D35A0 /* ExpandableView.swift in Sources */ = {isa = PBXBuildFile; fileRef = B238A26D2C2EB60A00CD1CAC /* ExpandableView.swift */; };
		820A862E2C6D4388006D35A0 /* BroadcastView.swift in Sources */ = {isa = PBXBuildFile; fileRef = 82C7E6F42B7B85E000760C08 /* BroadcastView.swift */; };
		820A862F2C6D4388006D35A0 /* ShadowUIView.swift in Sources */ = {isa = PBXBuildFile; fileRef = 82AE96102C64C2C000BF3920 /* ShadowUIView.swift */; };
		820A86302C6D4388006D35A0 /* CalloutView.swift in Sources */ = {isa = PBXBuildFile; fileRef = B2A8B2782B6D33B800122DBC /* CalloutView.swift */; };
		820A86312C6D4388006D35A0 /* SpinnerView.swift in Sources */ = {isa = PBXBuildFile; fileRef = 82635D062BFE1CA700F7FA6F /* SpinnerView.swift */; };
		820A86322C6D4388006D35A0 /* TextFieldView.swift in Sources */ = {isa = PBXBuildFile; fileRef = 82A2155B2A8DF93B0062FB9E /* TextFieldView.swift */; };
		820A86332C6D4388006D35A0 /* BrandTokensView.swift in Sources */ = {isa = PBXBuildFile; fileRef = 8251E8C92B4E8B7D00106720 /* BrandTokensView.swift */; };
		820A86342C6D4388006D35A0 /* PillView.swift in Sources */ = {isa = PBXBuildFile; fileRef = 82838CF02B62B35400E3C495 /* PillView.swift */; };
		820A86352C6D4388006D35A0 /* ShadowView.swift in Sources */ = {isa = PBXBuildFile; fileRef = 8213D0AE2B9078D700FCA310 /* ShadowView.swift */; };
		820A86362C6D4388006D35A0 /* AlertView.swift in Sources */ = {isa = PBXBuildFile; fileRef = 349D0E122B62D67A00AAB421 /* AlertView.swift */; };
		820A86372C6D4388006D35A0 /* BoxView.swift in Sources */ = {isa = PBXBuildFile; fileRef = 341B20E72B751BD30068FF43 /* BoxView.swift */; };
		820A86382C6D4388006D35A0 /* ButtonView.swift in Sources */ = {isa = PBXBuildFile; fileRef = 82A215582A8DF4DC0062FB9E /* ButtonView.swift */; };
		820A86392C6D4388006D35A0 /* ToastView.swift in Sources */ = {isa = PBXBuildFile; fileRef = B2922A6D2B68E7F200A3E9F4 /* ToastView.swift */; };
		820A863A2C6D4388006D35A0 /* ContentView.swift in Sources */ = {isa = PBXBuildFile; fileRef = 82355B0A2A8CD0AA0023EB11 /* ContentView.swift */; };
		820A863C2C6D4388006D35A0 /* FirebaseAnalytics in Frameworks */ = {isa = PBXBuildFile; productRef = 820A86242C6D4388006D35A0 /* FirebaseAnalytics */; };
		820A863D2C6D4388006D35A0 /* Warp in Frameworks */ = {isa = PBXBuildFile; productRef = 820A86232C6D4388006D35A0 /* Warp */; };
		820A86472C6D43BF006D35A0 /* Assets.xcassets in Resources */ = {isa = PBXBuildFile; fileRef = 82355B082A8CD0AA0023EB11 /* Assets.xcassets */; };
		820A86482C6D43C6006D35A0 /* GoogleService-Info.plist in Resources */ = {isa = PBXBuildFile; fileRef = 2E1ADF472C25612300DFEE06 /* GoogleService-Info.plist */; };
		820A86492C6D43CE006D35A0 /* Warp_iosFinn.swift in Sources */ = {isa = PBXBuildFile; fileRef = 820A861B2C6CF04A006D35A0 /* Warp_iosFinn.swift */; };
		820A864A2C6D43FB006D35A0 /* Preview Assets.xcassets in Resources */ = {isa = PBXBuildFile; fileRef = 820A86172C6CF04A006D35A0 /* Preview Assets.xcassets */; };
		820A864B2C6DFAAE006D35A0 /* TooltipView.swift in Sources */ = {isa = PBXBuildFile; fileRef = 82BF22242C6A15F500DDF06E /* TooltipView.swift */; };
		8213D0B02B9078D700FCA310 /* ShadowView.swift in Sources */ = {isa = PBXBuildFile; fileRef = 8213D0AE2B9078D700FCA310 /* ShadowView.swift */; };
		8226D5782C297BFE00928E59 /* GoogleService-Info.plist in Resources */ = {isa = PBXBuildFile; fileRef = 8226D5772C297BFE00928E59 /* GoogleService-Info.plist */; };
		82355AFE2A8CCBE70023EB11 /* Assets.xcassets in Resources */ = {isa = PBXBuildFile; fileRef = 82355AFA2A8CCBE70023EB11 /* Assets.xcassets */; };
		82355B002A8CCBE70023EB11 /* Preview Content in Resources */ = {isa = PBXBuildFile; fileRef = 82355AFC2A8CCBE70023EB11 /* Preview Content */; };
		82355B112A8CD0C10023EB11 /* Warp_iosTori.swift in Sources */ = {isa = PBXBuildFile; fileRef = 82355B102A8CD0C10023EB11 /* Warp_iosTori.swift */; };
		82355B122A8CD1120023EB11 /* ContentView.swift in Sources */ = {isa = PBXBuildFile; fileRef = 82355B0A2A8CD0AA0023EB11 /* ContentView.swift */; };
		8251E8CB2B4E8B7D00106720 /* BrandTokensView.swift in Sources */ = {isa = PBXBuildFile; fileRef = 8251E8C92B4E8B7D00106720 /* BrandTokensView.swift */; };
		82635D082BFE1CD800F7FA6F /* SpinnerView.swift in Sources */ = {isa = PBXBuildFile; fileRef = 82635D062BFE1CA700F7FA6F /* SpinnerView.swift */; };
		828095382C9C3AE900472CB5 /* IconsView.swift in Sources */ = {isa = PBXBuildFile; fileRef = 828095372C9C3AE700472CB5 /* IconsView.swift */; };
		828095392C9C3AE900472CB5 /* IconsView.swift in Sources */ = {isa = PBXBuildFile; fileRef = 828095372C9C3AE700472CB5 /* IconsView.swift */; };
		8280953A2C9C3AE900472CB5 /* IconsView.swift in Sources */ = {isa = PBXBuildFile; fileRef = 828095372C9C3AE700472CB5 /* IconsView.swift */; };
		8280953B2C9C3AE900472CB5 /* IconsView.swift in Sources */ = {isa = PBXBuildFile; fileRef = 828095372C9C3AE700472CB5 /* IconsView.swift */; };
		8280953D2C9C794900472CB5 /* IconView.swift in Sources */ = {isa = PBXBuildFile; fileRef = 8280953C2C9C794500472CB5 /* IconView.swift */; };
		8280953E2C9C794900472CB5 /* IconView.swift in Sources */ = {isa = PBXBuildFile; fileRef = 8280953C2C9C794500472CB5 /* IconView.swift */; };
		8280953F2C9C794900472CB5 /* IconView.swift in Sources */ = {isa = PBXBuildFile; fileRef = 8280953C2C9C794500472CB5 /* IconView.swift */; };
		828095402C9C794900472CB5 /* IconView.swift in Sources */ = {isa = PBXBuildFile; fileRef = 8280953C2C9C794500472CB5 /* IconView.swift */; };
		82838CF22B62B35400E3C495 /* PillView.swift in Sources */ = {isa = PBXBuildFile; fileRef = 82838CF02B62B35400E3C495 /* PillView.swift */; };
		82838CF62B6BED0000E3C495 /* GoogleService-Info.plist in Resources */ = {isa = PBXBuildFile; fileRef = 82838CF52B6BED0000E3C495 /* GoogleService-Info.plist */; };
		82838CFB2B6BEDA400E3C495 /* FirebaseAnalytics in Frameworks */ = {isa = PBXBuildFile; productRef = 82838CFA2B6BEDA400E3C495 /* FirebaseAnalytics */; };
		828E7D462B61239100869C58 /* BadgeView.swift in Sources */ = {isa = PBXBuildFile; fileRef = 828E7D442B61239100869C58 /* BadgeView.swift */; };
		82A2155A2A8DF4DC0062FB9E /* ButtonView.swift in Sources */ = {isa = PBXBuildFile; fileRef = 82A215582A8DF4DC0062FB9E /* ButtonView.swift */; };
		82A2155D2A8DF93B0062FB9E /* TextFieldView.swift in Sources */ = {isa = PBXBuildFile; fileRef = 82A2155B2A8DF93B0062FB9E /* TextFieldView.swift */; };
		82A9A00D2C7EF7A20053A961 /* RadioView.swift in Sources */ = {isa = PBXBuildFile; fileRef = 82A9A00C2C7EF79C0053A961 /* RadioView.swift */; };
		82A9A00E2C7EF7A20053A961 /* RadioView.swift in Sources */ = {isa = PBXBuildFile; fileRef = 82A9A00C2C7EF79C0053A961 /* RadioView.swift */; };
		82A9A00F2C7EF7A20053A961 /* RadioView.swift in Sources */ = {isa = PBXBuildFile; fileRef = 82A9A00C2C7EF79C0053A961 /* RadioView.swift */; };
		82A9A0102C7EF7A20053A961 /* RadioView.swift in Sources */ = {isa = PBXBuildFile; fileRef = 82A9A00C2C7EF79C0053A961 /* RadioView.swift */; };
		82AE96122C64C2C000BF3920 /* ShadowUIView.swift in Sources */ = {isa = PBXBuildFile; fileRef = 82AE96102C64C2C000BF3920 /* ShadowUIView.swift */; };
		82AE96132C64C2C000BF3920 /* ShadowUIView.swift in Sources */ = {isa = PBXBuildFile; fileRef = 82AE96102C64C2C000BF3920 /* ShadowUIView.swift */; };
		82B168132B750BED00DCDDE5 /* TextView.swift in Sources */ = {isa = PBXBuildFile; fileRef = 82B168112B750BED00DCDDE5 /* TextView.swift */; };
		82BF22252C6A15F900DDF06E /* TooltipView.swift in Sources */ = {isa = PBXBuildFile; fileRef = 82BF22242C6A15F500DDF06E /* TooltipView.swift */; };
		82BF22262C6A15F900DDF06E /* TooltipView.swift in Sources */ = {isa = PBXBuildFile; fileRef = 82BF22242C6A15F500DDF06E /* TooltipView.swift */; };
		82BF22272C6A15F900DDF06E /* TooltipView.swift in Sources */ = {isa = PBXBuildFile; fileRef = 82BF22242C6A15F500DDF06E /* TooltipView.swift */; };
		82C7E6F62B7B883200760C08 /* BroadcastView.swift in Sources */ = {isa = PBXBuildFile; fileRef = 82C7E6F42B7B85E000760C08 /* BroadcastView.swift */; };
		B238A26F2C2EB60A00CD1CAC /* ExpandableView.swift in Sources */ = {isa = PBXBuildFile; fileRef = B238A26D2C2EB60A00CD1CAC /* ExpandableView.swift */; };
		B238A2702C2EB60A00CD1CAC /* ExpandableView.swift in Sources */ = {isa = PBXBuildFile; fileRef = B238A26D2C2EB60A00CD1CAC /* ExpandableView.swift */; };
		B286EDFC2C33EACF00D25DCC /* StepIndicatorView.swift in Sources */ = {isa = PBXBuildFile; fileRef = B295AC392C22F93D004C77BB /* StepIndicatorView.swift */; };
		B2922A6F2B68E7F200A3E9F4 /* ToastView.swift in Sources */ = {isa = PBXBuildFile; fileRef = B2922A6D2B68E7F200A3E9F4 /* ToastView.swift */; };
		B295AC3B2C22F93D004C77BB /* StepIndicatorView.swift in Sources */ = {isa = PBXBuildFile; fileRef = B295AC392C22F93D004C77BB /* StepIndicatorView.swift */; };
		B2A8B27A2B6D33B800122DBC /* CalloutView.swift in Sources */ = {isa = PBXBuildFile; fileRef = B2A8B2782B6D33B800122DBC /* CalloutView.swift */; };
/* End PBXBuildFile section */

/* Begin PBXFileReference section */
		003CB8E82C19B5D5008C42B1 /* ModalView.swift */ = {isa = PBXFileReference; lastKnownFileType = sourcecode.swift; path = ModalView.swift; sourceTree = "<group>"; };
		2E1ADF472C25612300DFEE06 /* GoogleService-Info.plist */ = {isa = PBXFileReference; fileEncoding = 4; lastKnownFileType = text.plist.xml; path = "GoogleService-Info.plist"; sourceTree = "<group>"; };
		2E1ADF682C2561A700DFEE06 /* DBA.app */ = {isa = PBXFileReference; explicitFileType = wrapper.application; includeInIndex = 0; path = DBA.app; sourceTree = BUILT_PRODUCTS_DIR; };
		2E1ADF692C2561D200DFEE06 /* Preview Assets.xcassets */ = {isa = PBXFileReference; lastKnownFileType = folder.assetcatalog; path = "Preview Assets.xcassets"; sourceTree = "<group>"; };
		2E1ADF6B2C2561D200DFEE06 /* Assets.xcassets */ = {isa = PBXFileReference; lastKnownFileType = folder.assetcatalog; path = Assets.xcassets; sourceTree = "<group>"; };
		2E1ADF6D2C2561D200DFEE06 /* Warp_iosDBA.swift */ = {isa = PBXFileReference; fileEncoding = 4; lastKnownFileType = sourcecode.swift; path = Warp_iosDBA.swift; sourceTree = "<group>"; };
		341B20E72B751BD30068FF43 /* BoxView.swift */ = {isa = PBXFileReference; lastKnownFileType = sourcecode.swift; path = BoxView.swift; sourceTree = "<group>"; };
		349586632B0EAD2D00A14570 /* TypographyView.swift */ = {isa = PBXFileReference; fileEncoding = 4; lastKnownFileType = sourcecode.swift; path = TypographyView.swift; sourceTree = "<group>"; };
		349D0E122B62D67A00AAB421 /* AlertView.swift */ = {isa = PBXFileReference; lastKnownFileType = sourcecode.swift; path = AlertView.swift; sourceTree = "<group>"; };
		8206620F2A8CC97C0088677D /* warp-ios */ = {isa = PBXFileReference; lastKnownFileType = wrapper; name = "warp-ios"; path = ..; sourceTree = "<group>"; };
		820A860A2C6CEB0C006D35A0 /* Blocket.app */ = {isa = PBXFileReference; explicitFileType = wrapper.application; includeInIndex = 0; path = Blocket.app; sourceTree = BUILT_PRODUCTS_DIR; };
		820A860B2C6CEC30006D35A0 /* Preview Assets.xcassets */ = {isa = PBXFileReference; lastKnownFileType = folder.assetcatalog; path = "Preview Assets.xcassets"; sourceTree = "<group>"; };
		820A860D2C6CEC30006D35A0 /* Assets.xcassets */ = {isa = PBXFileReference; lastKnownFileType = folder.assetcatalog; path = Assets.xcassets; sourceTree = "<group>"; };
		820A860F2C6CEC30006D35A0 /* Warp_iosBlocket.swift */ = {isa = PBXFileReference; lastKnownFileType = sourcecode.swift; path = Warp_iosBlocket.swift; sourceTree = "<group>"; };
		820A86152C6CED11006D35A0 /* GoogleService-Info.plist */ = {isa = PBXFileReference; lastKnownFileType = text.plist.xml; path = "GoogleService-Info.plist"; sourceTree = "<group>"; };
		820A86172C6CF04A006D35A0 /* Preview Assets.xcassets */ = {isa = PBXFileReference; lastKnownFileType = folder.assetcatalog; path = "Preview Assets.xcassets"; sourceTree = "<group>"; };
		820A861B2C6CF04A006D35A0 /* Warp_iosFinn.swift */ = {isa = PBXFileReference; lastKnownFileType = sourcecode.swift; path = Warp_iosFinn.swift; sourceTree = "<group>"; };
		820A86452C6D4388006D35A0 /* Finn.app */ = {isa = PBXFileReference; explicitFileType = wrapper.application; includeInIndex = 0; path = Finn.app; sourceTree = BUILT_PRODUCTS_DIR; };
		8213D0AE2B9078D700FCA310 /* ShadowView.swift */ = {isa = PBXFileReference; lastKnownFileType = sourcecode.swift; path = ShadowView.swift; sourceTree = "<group>"; };
		8226D5772C297BFE00928E59 /* GoogleService-Info.plist */ = {isa = PBXFileReference; fileEncoding = 4; lastKnownFileType = text.plist.xml; path = "GoogleService-Info.plist"; sourceTree = "<group>"; };
		82355AFA2A8CCBE70023EB11 /* Assets.xcassets */ = {isa = PBXFileReference; lastKnownFileType = folder.assetcatalog; path = Assets.xcassets; sourceTree = "<group>"; };
		82355AFC2A8CCBE70023EB11 /* Preview Content */ = {isa = PBXFileReference; lastKnownFileType = folder; path = "Preview Content"; sourceTree = "<group>"; };
		82355B052A8CD07C0023EB11 /* Warp_iosSampleApp.entitlements */ = {isa = PBXFileReference; lastKnownFileType = text.plist.entitlements; path = Warp_iosSampleApp.entitlements; sourceTree = "<group>"; };
		82355B082A8CD0AA0023EB11 /* Assets.xcassets */ = {isa = PBXFileReference; lastKnownFileType = folder.assetcatalog; path = Assets.xcassets; sourceTree = "<group>"; };
		82355B0A2A8CD0AA0023EB11 /* ContentView.swift */ = {isa = PBXFileReference; fileEncoding = 4; lastKnownFileType = sourcecode.swift; path = ContentView.swift; sourceTree = "<group>"; };
		82355B0B2A8CD0AA0023EB11 /* Preview Content */ = {isa = PBXFileReference; lastKnownFileType = folder; path = "Preview Content"; sourceTree = "<group>"; };
		82355B102A8CD0C10023EB11 /* Warp_iosTori.swift */ = {isa = PBXFileReference; lastKnownFileType = sourcecode.swift; path = Warp_iosTori.swift; sourceTree = "<group>"; };
		8251E8C92B4E8B7D00106720 /* BrandTokensView.swift */ = {isa = PBXFileReference; lastKnownFileType = sourcecode.swift; path = BrandTokensView.swift; sourceTree = "<group>"; };
		82635D062BFE1CA700F7FA6F /* SpinnerView.swift */ = {isa = PBXFileReference; lastKnownFileType = sourcecode.swift; path = SpinnerView.swift; sourceTree = "<group>"; };
		827C4B952A89410800660D82 /* Tori.app */ = {isa = PBXFileReference; explicitFileType = wrapper.application; includeInIndex = 0; path = Tori.app; sourceTree = BUILT_PRODUCTS_DIR; };
		828095372C9C3AE700472CB5 /* IconsView.swift */ = {isa = PBXFileReference; lastKnownFileType = sourcecode.swift; path = IconsView.swift; sourceTree = "<group>"; };
		8280953C2C9C794500472CB5 /* IconView.swift */ = {isa = PBXFileReference; lastKnownFileType = sourcecode.swift; path = IconView.swift; sourceTree = "<group>"; };
		82838CF02B62B35400E3C495 /* PillView.swift */ = {isa = PBXFileReference; lastKnownFileType = sourcecode.swift; path = PillView.swift; sourceTree = "<group>"; };
		82838CF52B6BED0000E3C495 /* GoogleService-Info.plist */ = {isa = PBXFileReference; fileEncoding = 4; lastKnownFileType = text.plist.xml; path = "GoogleService-Info.plist"; sourceTree = "<group>"; };
		828E7D442B61239100869C58 /* BadgeView.swift */ = {isa = PBXFileReference; fileEncoding = 4; lastKnownFileType = sourcecode.swift; path = BadgeView.swift; sourceTree = "<group>"; };
		82A215582A8DF4DC0062FB9E /* ButtonView.swift */ = {isa = PBXFileReference; lastKnownFileType = sourcecode.swift; path = ButtonView.swift; sourceTree = "<group>"; };
		82A2155B2A8DF93B0062FB9E /* TextFieldView.swift */ = {isa = PBXFileReference; lastKnownFileType = sourcecode.swift; path = TextFieldView.swift; sourceTree = "<group>"; };
		82A9A00C2C7EF79C0053A961 /* RadioView.swift */ = {isa = PBXFileReference; lastKnownFileType = sourcecode.swift; path = RadioView.swift; sourceTree = "<group>"; };
		82AE96102C64C2C000BF3920 /* ShadowUIView.swift */ = {isa = PBXFileReference; lastKnownFileType = sourcecode.swift; path = ShadowUIView.swift; sourceTree = "<group>"; };
		82B168112B750BED00DCDDE5 /* TextView.swift */ = {isa = PBXFileReference; lastKnownFileType = sourcecode.swift; path = TextView.swift; sourceTree = "<group>"; };
		82BF22242C6A15F500DDF06E /* TooltipView.swift */ = {isa = PBXFileReference; lastKnownFileType = sourcecode.swift; path = TooltipView.swift; sourceTree = "<group>"; };
		82C7E6F42B7B85E000760C08 /* BroadcastView.swift */ = {isa = PBXFileReference; lastKnownFileType = sourcecode.swift; path = BroadcastView.swift; sourceTree = "<group>"; };
		B238A26D2C2EB60A00CD1CAC /* ExpandableView.swift */ = {isa = PBXFileReference; lastKnownFileType = sourcecode.swift; path = ExpandableView.swift; sourceTree = "<group>"; };
		B2922A6D2B68E7F200A3E9F4 /* ToastView.swift */ = {isa = PBXFileReference; fileEncoding = 4; lastKnownFileType = sourcecode.swift; path = ToastView.swift; sourceTree = "<group>"; };
		B295AC392C22F93D004C77BB /* StepIndicatorView.swift */ = {isa = PBXFileReference; lastKnownFileType = sourcecode.swift; path = StepIndicatorView.swift; sourceTree = "<group>"; };
		B2A8B2782B6D33B800122DBC /* CalloutView.swift */ = {isa = PBXFileReference; fileEncoding = 4; lastKnownFileType = sourcecode.swift; path = CalloutView.swift; sourceTree = "<group>"; };
/* End PBXFileReference section */

/* Begin PBXFrameworksBuildPhase section */
		2E1ADF5E2C2561A700DFEE06 /* Frameworks */ = {
			isa = PBXFrameworksBuildPhase;
			buildActionMask = 2147483647;
			files = (
				2E1ADF5F2C2561A700DFEE06 /* FirebaseAnalytics in Frameworks */,
				2E1ADF602C2561A700DFEE06 /* Warp in Frameworks */,
			);
			runOnlyForDeploymentPostprocessing = 0;
		};
		820A85FF2C6CEB0C006D35A0 /* Frameworks */ = {
			isa = PBXFrameworksBuildPhase;
			buildActionMask = 2147483647;
			files = (
				820A86002C6CEB0C006D35A0 /* FirebaseAnalytics in Frameworks */,
				820A86012C6CEB0C006D35A0 /* Warp in Frameworks */,
			);
			runOnlyForDeploymentPostprocessing = 0;
		};
		820A863B2C6D4388006D35A0 /* Frameworks */ = {
			isa = PBXFrameworksBuildPhase;
			buildActionMask = 2147483647;
			files = (
				820A863C2C6D4388006D35A0 /* FirebaseAnalytics in Frameworks */,
				820A863D2C6D4388006D35A0 /* Warp in Frameworks */,
			);
			runOnlyForDeploymentPostprocessing = 0;
		};
		827C4B922A89410800660D82 /* Frameworks */ = {
			isa = PBXFrameworksBuildPhase;
			buildActionMask = 2147483647;
			files = (
				82838CFB2B6BEDA400E3C495 /* FirebaseAnalytics in Frameworks */,
				34A278C22AD5473C00EE6ED8 /* Warp in Frameworks */,
			);
			runOnlyForDeploymentPostprocessing = 0;
		};
/* End PBXFrameworksBuildPhase section */

/* Begin PBXGroup section */
		2E1ADF6A2C2561D200DFEE06 /* Preview Content */ = {
			isa = PBXGroup;
			children = (
				2E1ADF692C2561D200DFEE06 /* Preview Assets.xcassets */,
			);
			path = "Preview Content";
			sourceTree = "<group>";
		};
		2E1ADF6E2C2561D200DFEE06 /* DBA */ = {
			isa = PBXGroup;
			children = (
				2E1ADF6A2C2561D200DFEE06 /* Preview Content */,
				2E1ADF6B2C2561D200DFEE06 /* Assets.xcassets */,
				8226D5772C297BFE00928E59 /* GoogleService-Info.plist */,
				2E1ADF6D2C2561D200DFEE06 /* Warp_iosDBA.swift */,
			);
			path = DBA;
			sourceTree = "<group>";
		};
		820A860C2C6CEC30006D35A0 /* Preview Content */ = {
			isa = PBXGroup;
			children = (
				820A860B2C6CEC30006D35A0 /* Preview Assets.xcassets */,
			);
			path = "Preview Content";
			sourceTree = "<group>";
		};
		820A86102C6CEC30006D35A0 /* Blocket */ = {
			isa = PBXGroup;
			children = (
				820A860C2C6CEC30006D35A0 /* Preview Content */,
				820A860D2C6CEC30006D35A0 /* Assets.xcassets */,
				820A86152C6CED11006D35A0 /* GoogleService-Info.plist */,
				820A860F2C6CEC30006D35A0 /* Warp_iosBlocket.swift */,
			);
			path = Blocket;
			sourceTree = "<group>";
		};
		820A86182C6CF04A006D35A0 /* Preview Content */ = {
			isa = PBXGroup;
			children = (
				820A86172C6CF04A006D35A0 /* Preview Assets.xcassets */,
			);
			path = "Preview Content";
			sourceTree = "<group>";
		};
		820A861C2C6CF04A006D35A0 /* Finn */ = {
			isa = PBXGroup;
			children = (
				820A86182C6CF04A006D35A0 /* Preview Content */,
				82355B082A8CD0AA0023EB11 /* Assets.xcassets */,
				2E1ADF472C25612300DFEE06 /* GoogleService-Info.plist */,
				820A861B2C6CF04A006D35A0 /* Warp_iosFinn.swift */,
			);
			path = Finn;
			sourceTree = "<group>";
		};
		82355AF82A8CCBC90023EB11 /* Tori */ = {
			isa = PBXGroup;
			children = (
				82355B102A8CD0C10023EB11 /* Warp_iosTori.swift */,
				82838CF52B6BED0000E3C495 /* GoogleService-Info.plist */,
				82355AFA2A8CCBE70023EB11 /* Assets.xcassets */,
				82355AFC2A8CCBE70023EB11 /* Preview Content */,
			);
			path = Tori;
			sourceTree = "<group>";
		};
		8249777E2A893F400013475C = {
			isa = PBXGroup;
			children = (
				8206620F2A8CC97C0088677D /* warp-ios */,
				828547C92A8CCA3300401DA3 /* Common */,
				820A861C2C6CF04A006D35A0 /* Finn */,
				82355AF82A8CCBC90023EB11 /* Tori */,
				2E1ADF6E2C2561D200DFEE06 /* DBA */,
				820A86102C6CEC30006D35A0 /* Blocket */,
				824977882A893F400013475C /* Products */,
				827C4B8E2A89407F00660D82 /* Frameworks */,
			);
			sourceTree = "<group>";
		};
		824977882A893F400013475C /* Products */ = {
			isa = PBXGroup;
			children = (
				827C4B952A89410800660D82 /* Tori.app */,
				2E1ADF682C2561A700DFEE06 /* DBA.app */,
				820A860A2C6CEB0C006D35A0 /* Blocket.app */,
				820A86452C6D4388006D35A0 /* Finn.app */,
			);
			name = Products;
			sourceTree = "<group>";
		};
		827C4B8E2A89407F00660D82 /* Frameworks */ = {
			isa = PBXGroup;
			children = (
			);
			name = Frameworks;
			sourceTree = "<group>";
		};
		828547C92A8CCA3300401DA3 /* Common */ = {
			isa = PBXGroup;
			children = (
				82FF12F72C80FBC200CC2110 /* BrandItems */,
				82FF12F82C80FC1200CC2110 /* Components */,
				82355B0A2A8CD0AA0023EB11 /* ContentView.swift */,
				82355B0B2A8CD0AA0023EB11 /* Preview Content */,
				82355B052A8CD07C0023EB11 /* Warp_iosSampleApp.entitlements */,
			);
			name = Common;
			sourceTree = "<group>";
		};
		82FF12F72C80FBC200CC2110 /* BrandItems */ = {
			isa = PBXGroup;
			children = (
				8251E8C92B4E8B7D00106720 /* BrandTokensView.swift */,
				828095372C9C3AE700472CB5 /* IconsView.swift */,
				349586632B0EAD2D00A14570 /* TypographyView.swift */,
			);
			path = BrandItems;
			sourceTree = "<group>";
		};
		82FF12F82C80FC1200CC2110 /* Components */ = {
			isa = PBXGroup;
			children = (
				349D0E122B62D67A00AAB421 /* AlertView.swift */,
				828E7D442B61239100869C58 /* BadgeView.swift */,
				341B20E72B751BD30068FF43 /* BoxView.swift */,
				82C7E6F42B7B85E000760C08 /* BroadcastView.swift */,
				82A215582A8DF4DC0062FB9E /* ButtonView.swift */,
				B2A8B2782B6D33B800122DBC /* CalloutView.swift */,
				B238A26D2C2EB60A00CD1CAC /* ExpandableView.swift */,
				8280953C2C9C794500472CB5 /* IconView.swift */,
				003CB8E82C19B5D5008C42B1 /* ModalView.swift */,
				82838CF02B62B35400E3C495 /* PillView.swift */,
				82A9A00C2C7EF79C0053A961 /* RadioView.swift */,
				8213D0AE2B9078D700FCA310 /* ShadowView.swift */,
				82AE96102C64C2C000BF3920 /* ShadowUIView.swift */,
				82635D062BFE1CA700F7FA6F /* SpinnerView.swift */,
				B295AC392C22F93D004C77BB /* StepIndicatorView.swift */,
				82A2155B2A8DF93B0062FB9E /* TextFieldView.swift */,
				82B168112B750BED00DCDDE5 /* TextView.swift */,
				B2922A6D2B68E7F200A3E9F4 /* ToastView.swift */,
				82BF22242C6A15F500DDF06E /* TooltipView.swift */,
			);
			path = Components;
			sourceTree = "<group>";
		};
/* End PBXGroup section */

/* Begin PBXNativeTarget section */
		2E1ADF492C2561A700DFEE06 /* DBA */ = {
			isa = PBXNativeTarget;
			buildConfigurationList = 2E1ADF652C2561A700DFEE06 /* Build configuration list for PBXNativeTarget "DBA" */;
			buildPhases = (
				2E1ADF4D2C2561A700DFEE06 /* Sources */,
				2E1ADF5E2C2561A700DFEE06 /* Frameworks */,
				2E1ADF612C2561A700DFEE06 /* Resources */,
			);
			buildRules = (
			);
			dependencies = (
			);
			name = DBA;
			packageProductDependencies = (
				2E1ADF4A2C2561A700DFEE06 /* Warp */,
				2E1ADF4B2C2561A700DFEE06 /* FirebaseAnalytics */,
			);
			productName = "Wrap-iOS-Tori";
			productReference = 2E1ADF682C2561A700DFEE06 /* DBA.app */;
			productType = "com.apple.product-type.application";
		};
		820A85E62C6CEB0C006D35A0 /* Blocket */ = {
			isa = PBXNativeTarget;
			buildConfigurationList = 820A86072C6CEB0C006D35A0 /* Build configuration list for PBXNativeTarget "Blocket" */;
			buildPhases = (
				820A85EA2C6CEB0C006D35A0 /* Sources */,
				820A85FF2C6CEB0C006D35A0 /* Frameworks */,
				820A86022C6CEB0C006D35A0 /* Resources */,
			);
			buildRules = (
			);
			dependencies = (
			);
			name = Blocket;
			packageProductDependencies = (
				820A85E72C6CEB0C006D35A0 /* Warp */,
				820A85E82C6CEB0C006D35A0 /* FirebaseAnalytics */,
			);
			productName = "Wrap-iOS-Tori";
			productReference = 820A860A2C6CEB0C006D35A0 /* Blocket.app */;
			productType = "com.apple.product-type.application";
		};
		820A86222C6D4388006D35A0 /* Finn */ = {
			isa = PBXNativeTarget;
			buildConfigurationList = 820A86422C6D4388006D35A0 /* Build configuration list for PBXNativeTarget "Finn" */;
			buildPhases = (
				820A86262C6D4388006D35A0 /* Sources */,
				820A863B2C6D4388006D35A0 /* Frameworks */,
				820A863E2C6D4388006D35A0 /* Resources */,
			);
			buildRules = (
			);
			dependencies = (
			);
			name = Finn;
			packageProductDependencies = (
				820A86232C6D4388006D35A0 /* Warp */,
				820A86242C6D4388006D35A0 /* FirebaseAnalytics */,
			);
			productName = "Wrap-iOS-Tori";
			productReference = 820A86452C6D4388006D35A0 /* Finn.app */;
			productType = "com.apple.product-type.application";
		};
		827C4B942A89410800660D82 /* Tori */ = {
			isa = PBXNativeTarget;
			buildConfigurationList = 827C4BB62A89410B00660D82 /* Build configuration list for PBXNativeTarget "Tori" */;
			buildPhases = (
				827C4B912A89410800660D82 /* Sources */,
				827C4B922A89410800660D82 /* Frameworks */,
				827C4B932A89410800660D82 /* Resources */,
			);
			buildRules = (
			);
			dependencies = (
			);
			name = Tori;
			packageProductDependencies = (
				34A278C12AD5473C00EE6ED8 /* Warp */,
				82838CFA2B6BEDA400E3C495 /* FirebaseAnalytics */,
			);
			productName = "Wrap-iOS-Tori";
			productReference = 827C4B952A89410800660D82 /* Tori.app */;
			productType = "com.apple.product-type.application";
		};
/* End PBXNativeTarget section */

/* Begin PBXProject section */
		8249777F2A893F400013475C /* Project object */ = {
			isa = PBXProject;
			attributes = {
				BuildIndependentTargetsInParallel = 1;
				LastSwiftUpdateCheck = 1500;
				LastUpgradeCheck = 1500;
				TargetAttributes = {
					827C4B942A89410800660D82 = {
						CreatedOnToolsVersion = 15.0;
						LastSwiftMigration = 1500;
					};
				};
			};
			buildConfigurationList = 824977822A893F400013475C /* Build configuration list for PBXProject "Warp-iosSampleApp" */;
			compatibilityVersion = "Xcode 14.0";
			developmentRegion = en;
			hasScannedForEncodings = 0;
			knownRegions = (
				en,
				Base,
			);
			mainGroup = 8249777E2A893F400013475C;
			packageReferences = (
				82838CF72B6BED4200E3C495 /* XCRemoteSwiftPackageReference "firebase-ios-sdk" */,
			);
			productRefGroup = 824977882A893F400013475C /* Products */;
			projectDirPath = "";
			projectRoot = "";
			targets = (
				820A86222C6D4388006D35A0 /* Finn */,
				827C4B942A89410800660D82 /* Tori */,
				2E1ADF492C2561A700DFEE06 /* DBA */,
				820A85E62C6CEB0C006D35A0 /* Blocket */,
			);
		};
/* End PBXProject section */

/* Begin PBXResourcesBuildPhase section */
		2E1ADF612C2561A700DFEE06 /* Resources */ = {
			isa = PBXResourcesBuildPhase;
			buildActionMask = 2147483647;
			files = (
				2E1ADF6F2C2561D200DFEE06 /* Preview Assets.xcassets in Resources */,
				8226D5782C297BFE00928E59 /* GoogleService-Info.plist in Resources */,
				2E1ADF702C2561D200DFEE06 /* Assets.xcassets in Resources */,
			);
			runOnlyForDeploymentPostprocessing = 0;
		};
		820A86022C6CEB0C006D35A0 /* Resources */ = {
			isa = PBXResourcesBuildPhase;
			buildActionMask = 2147483647;
			files = (
				820A86162C6CED11006D35A0 /* GoogleService-Info.plist in Resources */,
				820A86122C6CEC30006D35A0 /* Preview Assets.xcassets in Resources */,
				820A86132C6CEC30006D35A0 /* Assets.xcassets in Resources */,
			);
			runOnlyForDeploymentPostprocessing = 0;
		};
		820A863E2C6D4388006D35A0 /* Resources */ = {
			isa = PBXResourcesBuildPhase;
			buildActionMask = 2147483647;
			files = (
				820A864A2C6D43FB006D35A0 /* Preview Assets.xcassets in Resources */,
				820A86472C6D43BF006D35A0 /* Assets.xcassets in Resources */,
				820A86482C6D43C6006D35A0 /* GoogleService-Info.plist in Resources */,
			);
			runOnlyForDeploymentPostprocessing = 0;
		};
		827C4B932A89410800660D82 /* Resources */ = {
			isa = PBXResourcesBuildPhase;
			buildActionMask = 2147483647;
			files = (
				82355B002A8CCBE70023EB11 /* Preview Content in Resources */,
				82355AFE2A8CCBE70023EB11 /* Assets.xcassets in Resources */,
				82838CF62B6BED0000E3C495 /* GoogleService-Info.plist in Resources */,
			);
			runOnlyForDeploymentPostprocessing = 0;
		};
/* End PBXResourcesBuildPhase section */

/* Begin PBXSourcesBuildPhase section */
		2E1ADF4D2C2561A700DFEE06 /* Sources */ = {
			isa = PBXSourcesBuildPhase;
			buildActionMask = 2147483647;
			files = (
				82A9A00F2C7EF7A20053A961 /* RadioView.swift in Sources */,
				2E1ADF4E2C2561A700DFEE06 /* TypographyView.swift in Sources */,
				2E1ADF4F2C2561A700DFEE06 /* TextView.swift in Sources */,
				2E1ADF722C2561D200DFEE06 /* Warp_iosDBA.swift in Sources */,
				B286EDFC2C33EACF00D25DCC /* StepIndicatorView.swift in Sources */,
				00BC50DC2C2C0AD0002C4FF0 /* ModalView.swift in Sources */,
				2E1ADF502C2561A700DFEE06 /* BadgeView.swift in Sources */,
				82BF22272C6A15F900DDF06E /* TooltipView.swift in Sources */,
				2E1ADF522C2561A700DFEE06 /* BroadcastView.swift in Sources */,
				2E1ADF532C2561A700DFEE06 /* CalloutView.swift in Sources */,
				82AE96122C64C2C000BF3920 /* ShadowUIView.swift in Sources */,
				2E1ADF542C2561A700DFEE06 /* SpinnerView.swift in Sources */,
				2E1ADF552C2561A700DFEE06 /* TextFieldView.swift in Sources */,
				8280953F2C9C794900472CB5 /* IconView.swift in Sources */,
				828095382C9C3AE900472CB5 /* IconsView.swift in Sources */,
				2E1ADF562C2561A700DFEE06 /* BrandTokensView.swift in Sources */,
				2E1ADF572C2561A700DFEE06 /* PillView.swift in Sources */,
				2E1ADF582C2561A700DFEE06 /* ShadowView.swift in Sources */,
				2E1ADF592C2561A700DFEE06 /* AlertView.swift in Sources */,
				B238A2702C2EB60A00CD1CAC /* ExpandableView.swift in Sources */,
				2E1ADF5A2C2561A700DFEE06 /* BoxView.swift in Sources */,
				2E1ADF5B2C2561A700DFEE06 /* ButtonView.swift in Sources */,
				2E1ADF5C2C2561A700DFEE06 /* ToastView.swift in Sources */,
				2E1ADF5D2C2561A700DFEE06 /* ContentView.swift in Sources */,
			);
			runOnlyForDeploymentPostprocessing = 0;
		};
		820A85EA2C6CEB0C006D35A0 /* Sources */ = {
			isa = PBXSourcesBuildPhase;
			buildActionMask = 2147483647;
			files = (
				82A9A00D2C7EF7A20053A961 /* RadioView.swift in Sources */,
				820A85EB2C6CEB0C006D35A0 /* TypographyView.swift in Sources */,
				820A85EC2C6CEB0C006D35A0 /* TextView.swift in Sources */,
				820A86142C6CEC30006D35A0 /* Warp_iosBlocket.swift in Sources */,
				820A85EE2C6CEB0C006D35A0 /* StepIndicatorView.swift in Sources */,
				820A85EF2C6CEB0C006D35A0 /* ModalView.swift in Sources */,
				820A85F02C6CEB0C006D35A0 /* BadgeView.swift in Sources */,
				820A85F12C6CEB0C006D35A0 /* BroadcastView.swift in Sources */,
				820A85F22C6CEB0C006D35A0 /* CalloutView.swift in Sources */,
				820A85F32C6CEB0C006D35A0 /* ShadowUIView.swift in Sources */,
				820A85F42C6CEB0C006D35A0 /* SpinnerView.swift in Sources */,
				820A85F52C6CEB0C006D35A0 /* TextFieldView.swift in Sources */,
				820A85F62C6CEB0C006D35A0 /* BrandTokensView.swift in Sources */,
				8280953D2C9C794900472CB5 /* IconView.swift in Sources */,
				8280953A2C9C3AE900472CB5 /* IconsView.swift in Sources */,
				820A85F72C6CEB0C006D35A0 /* PillView.swift in Sources */,
				820A85F82C6CEB0C006D35A0 /* ShadowView.swift in Sources */,
				820A864B2C6DFAAE006D35A0 /* TooltipView.swift in Sources */,
				820A85F92C6CEB0C006D35A0 /* AlertView.swift in Sources */,
				820A85FA2C6CEB0C006D35A0 /* ExpandableView.swift in Sources */,
				820A85FB2C6CEB0C006D35A0 /* BoxView.swift in Sources */,
				820A85FC2C6CEB0C006D35A0 /* ButtonView.swift in Sources */,
				820A85FD2C6CEB0C006D35A0 /* ToastView.swift in Sources */,
				820A85FE2C6CEB0C006D35A0 /* ContentView.swift in Sources */,
			);
			runOnlyForDeploymentPostprocessing = 0;
		};
		820A86262C6D4388006D35A0 /* Sources */ = {
			isa = PBXSourcesBuildPhase;
			buildActionMask = 2147483647;
			files = (
				82A9A0102C7EF7A20053A961 /* RadioView.swift in Sources */,
				820A86272C6D4388006D35A0 /* TypographyView.swift in Sources */,
				820A86282C6D4388006D35A0 /* TextView.swift in Sources */,
				820A86292C6D4388006D35A0 /* StepIndicatorView.swift in Sources */,
				820A862A2C6D4388006D35A0 /* BadgeView.swift in Sources */,
				820A862B2C6D4388006D35A0 /* ModalView.swift in Sources */,
				820A862C2C6D4388006D35A0 /* ExpandableView.swift in Sources */,
				820A862E2C6D4388006D35A0 /* BroadcastView.swift in Sources */,
				820A862F2C6D4388006D35A0 /* ShadowUIView.swift in Sources */,
				820A86302C6D4388006D35A0 /* CalloutView.swift in Sources */,
				820A86312C6D4388006D35A0 /* SpinnerView.swift in Sources */,
				820A86322C6D4388006D35A0 /* TextFieldView.swift in Sources */,
				820A86332C6D4388006D35A0 /* BrandTokensView.swift in Sources */,
				828095402C9C794900472CB5 /* IconView.swift in Sources */,
				8280953B2C9C3AE900472CB5 /* IconsView.swift in Sources */,
				820A86342C6D4388006D35A0 /* PillView.swift in Sources */,
				820A86492C6D43CE006D35A0 /* Warp_iosFinn.swift in Sources */,
				820A86352C6D4388006D35A0 /* ShadowView.swift in Sources */,
				820A86362C6D4388006D35A0 /* AlertView.swift in Sources */,
				820A86372C6D4388006D35A0 /* BoxView.swift in Sources */,
				820A86382C6D4388006D35A0 /* ButtonView.swift in Sources */,
				820A86392C6D4388006D35A0 /* ToastView.swift in Sources */,
				820A863A2C6D4388006D35A0 /* ContentView.swift in Sources */,
				82BF22262C6A15F900DDF06E /* TooltipView.swift in Sources */,
			);
			runOnlyForDeploymentPostprocessing = 0;
		};
		827C4B912A89410800660D82 /* Sources */ = {
			isa = PBXSourcesBuildPhase;
			buildActionMask = 2147483647;
			files = (
				82A9A00E2C7EF7A20053A961 /* RadioView.swift in Sources */,
				349586652B0F727600A14570 /* TypographyView.swift in Sources */,
				82B168132B750BED00DCDDE5 /* TextView.swift in Sources */,
				B295AC3B2C22F93D004C77BB /* StepIndicatorView.swift in Sources */,
				828E7D462B61239100869C58 /* BadgeView.swift in Sources */,
				00BC50DB2C2C050D002C4FF0 /* ModalView.swift in Sources */,
				B238A26F2C2EB60A00CD1CAC /* ExpandableView.swift in Sources */,
				82BF22252C6A15F900DDF06E /* TooltipView.swift in Sources */,
				82355B112A8CD0C10023EB11 /* Warp_iosTori.swift in Sources */,
				82C7E6F62B7B883200760C08 /* BroadcastView.swift in Sources */,
				82AE96132C64C2C000BF3920 /* ShadowUIView.swift in Sources */,
				B2A8B27A2B6D33B800122DBC /* CalloutView.swift in Sources */,
				82635D082BFE1CD800F7FA6F /* SpinnerView.swift in Sources */,
				8280953E2C9C794900472CB5 /* IconView.swift in Sources */,
				828095392C9C3AE900472CB5 /* IconsView.swift in Sources */,
				82A2155D2A8DF93B0062FB9E /* TextFieldView.swift in Sources */,
				8251E8CB2B4E8B7D00106720 /* BrandTokensView.swift in Sources */,
				82838CF22B62B35400E3C495 /* PillView.swift in Sources */,
				8213D0B02B9078D700FCA310 /* ShadowView.swift in Sources */,
				349D0E142B62D67E00AAB421 /* AlertView.swift in Sources */,
				341B20E92B751C250068FF43 /* BoxView.swift in Sources */,
				82A2155A2A8DF4DC0062FB9E /* ButtonView.swift in Sources */,
				B2922A6F2B68E7F200A3E9F4 /* ToastView.swift in Sources */,
				82355B122A8CD1120023EB11 /* ContentView.swift in Sources */,
			);
			runOnlyForDeploymentPostprocessing = 0;
		};
/* End PBXSourcesBuildPhase section */

/* Begin XCBuildConfiguration section */
		2E1ADF662C2561A700DFEE06 /* Debug */ = {
			isa = XCBuildConfiguration;
			buildSettings = {
				ASSETCATALOG_COMPILER_APPICON_NAME = AppIcon;
				ASSETCATALOG_COMPILER_GLOBAL_ACCENT_COLOR_NAME = AccentColor;
				CLANG_ENABLE_MODULES = YES;
				CODE_SIGN_STYLE = Automatic;
				CURRENT_PROJECT_VERSION = 1;
				DEVELOPMENT_ASSET_PATHS = "\"DBA/Preview Content\"";
				DEVELOPMENT_TEAM = J5FN75WZ65;
				ENABLE_PREVIEWS = YES;
				GENERATE_INFOPLIST_FILE = YES;
				INFOPLIST_KEY_UIApplicationSceneManifest_Generation = YES;
				INFOPLIST_KEY_UIApplicationSupportsIndirectInputEvents = YES;
				INFOPLIST_KEY_UILaunchScreen_Generation = YES;
				INFOPLIST_KEY_UISupportedInterfaceOrientations_iPad = "UIInterfaceOrientationPortrait UIInterfaceOrientationPortraitUpsideDown UIInterfaceOrientationLandscapeLeft UIInterfaceOrientationLandscapeRight";
				INFOPLIST_KEY_UISupportedInterfaceOrientations_iPhone = "UIInterfaceOrientationPortrait UIInterfaceOrientationLandscapeLeft UIInterfaceOrientationLandscapeRight";
				IPHONEOS_DEPLOYMENT_TARGET = 15.0;
				LD_RUNPATH_SEARCH_PATHS = (
					"$(inherited)",
					"@executable_path/Frameworks",
				);
				MARKETING_VERSION = 0.0.28;
				PRODUCT_BUNDLE_IDENTIFIER = "com.nmp.warp-ios.DBA";
				PRODUCT_NAME = "$(TARGET_NAME)";
				SDKROOT = iphoneos;
				SUPPORTED_PLATFORMS = "iphoneos iphonesimulator";
				SUPPORTS_MACCATALYST = NO;
				SUPPORTS_MAC_DESIGNED_FOR_IPHONE_IPAD = NO;
				SUPPORTS_XR_DESIGNED_FOR_IPHONE_IPAD = NO;
				SWIFT_EMIT_LOC_STRINGS = YES;
				SWIFT_OPTIMIZATION_LEVEL = "-Onone";
				SWIFT_VERSION = 5.0;
				TARGETED_DEVICE_FAMILY = "1,2";
			};
			name = Debug;
		};
		2E1ADF672C2561A700DFEE06 /* Release */ = {
			isa = XCBuildConfiguration;
			buildSettings = {
				ASSETCATALOG_COMPILER_APPICON_NAME = AppIcon;
				ASSETCATALOG_COMPILER_GLOBAL_ACCENT_COLOR_NAME = AccentColor;
				CLANG_ENABLE_MODULES = YES;
				CODE_SIGN_STYLE = Automatic;
				CURRENT_PROJECT_VERSION = 1;
				DEVELOPMENT_ASSET_PATHS = "\"DBA/Preview Content\"";
				DEVELOPMENT_TEAM = J5FN75WZ65;
				ENABLE_PREVIEWS = YES;
				GENERATE_INFOPLIST_FILE = YES;
				INFOPLIST_KEY_UIApplicationSceneManifest_Generation = YES;
				INFOPLIST_KEY_UIApplicationSupportsIndirectInputEvents = YES;
				INFOPLIST_KEY_UILaunchScreen_Generation = YES;
				INFOPLIST_KEY_UISupportedInterfaceOrientations_iPad = "UIInterfaceOrientationPortrait UIInterfaceOrientationPortraitUpsideDown UIInterfaceOrientationLandscapeLeft UIInterfaceOrientationLandscapeRight";
				INFOPLIST_KEY_UISupportedInterfaceOrientations_iPhone = "UIInterfaceOrientationPortrait UIInterfaceOrientationLandscapeLeft UIInterfaceOrientationLandscapeRight";
				IPHONEOS_DEPLOYMENT_TARGET = 15.0;
				LD_RUNPATH_SEARCH_PATHS = (
					"$(inherited)",
					"@executable_path/Frameworks",
				);
				MARKETING_VERSION = 0.0.28;
				PRODUCT_BUNDLE_IDENTIFIER = "com.nmp.warp-ios.DBA";
				PRODUCT_NAME = "$(TARGET_NAME)";
				SDKROOT = iphoneos;
				SUPPORTED_PLATFORMS = "iphoneos iphonesimulator";
				SUPPORTS_MACCATALYST = NO;
				SUPPORTS_MAC_DESIGNED_FOR_IPHONE_IPAD = NO;
				SUPPORTS_XR_DESIGNED_FOR_IPHONE_IPAD = NO;
				SWIFT_EMIT_LOC_STRINGS = YES;
				SWIFT_VERSION = 5.0;
				TARGETED_DEVICE_FAMILY = "1,2";
				VALIDATE_PRODUCT = YES;
			};
			name = Release;
		};
		820A86082C6CEB0C006D35A0 /* Debug */ = {
			isa = XCBuildConfiguration;
			buildSettings = {
				ASSETCATALOG_COMPILER_APPICON_NAME = AppIcon;
				ASSETCATALOG_COMPILER_GLOBAL_ACCENT_COLOR_NAME = AccentColor;
				CLANG_ENABLE_MODULES = YES;
				CODE_SIGN_STYLE = Automatic;
				CURRENT_PROJECT_VERSION = 1;
				DEVELOPMENT_ASSET_PATHS = "\"Blocket/Preview Content\"";
				DEVELOPMENT_TEAM = J5FN75WZ65;
				ENABLE_PREVIEWS = YES;
				GENERATE_INFOPLIST_FILE = YES;
				INFOPLIST_KEY_UIApplicationSceneManifest_Generation = YES;
				INFOPLIST_KEY_UIApplicationSupportsIndirectInputEvents = YES;
				INFOPLIST_KEY_UILaunchScreen_Generation = YES;
				INFOPLIST_KEY_UISupportedInterfaceOrientations_iPad = "UIInterfaceOrientationPortrait UIInterfaceOrientationPortraitUpsideDown UIInterfaceOrientationLandscapeLeft UIInterfaceOrientationLandscapeRight";
				INFOPLIST_KEY_UISupportedInterfaceOrientations_iPhone = "UIInterfaceOrientationPortrait UIInterfaceOrientationLandscapeLeft UIInterfaceOrientationLandscapeRight";
				IPHONEOS_DEPLOYMENT_TARGET = 15.0;
				LD_RUNPATH_SEARCH_PATHS = (
					"$(inherited)",
					"@executable_path/Frameworks",
				);
				MARKETING_VERSION = 0.0.28;
				PRODUCT_BUNDLE_IDENTIFIER = "com.nmp.warp-ios.Blocket";
				PRODUCT_NAME = "$(TARGET_NAME)";
				SDKROOT = iphoneos;
				SUPPORTED_PLATFORMS = "iphoneos iphonesimulator";
				SUPPORTS_MACCATALYST = NO;
				SUPPORTS_MAC_DESIGNED_FOR_IPHONE_IPAD = NO;
				SUPPORTS_XR_DESIGNED_FOR_IPHONE_IPAD = NO;
				SWIFT_EMIT_LOC_STRINGS = YES;
				SWIFT_OPTIMIZATION_LEVEL = "-Onone";
				SWIFT_VERSION = 5.0;
				TARGETED_DEVICE_FAMILY = "1,2";
			};
			name = Debug;
		};
		820A86092C6CEB0C006D35A0 /* Release */ = {
			isa = XCBuildConfiguration;
			buildSettings = {
				ASSETCATALOG_COMPILER_APPICON_NAME = AppIcon;
				ASSETCATALOG_COMPILER_GLOBAL_ACCENT_COLOR_NAME = AccentColor;
				CLANG_ENABLE_MODULES = YES;
				CODE_SIGN_STYLE = Automatic;
				CURRENT_PROJECT_VERSION = 1;
				DEVELOPMENT_ASSET_PATHS = "\"Blocket/Preview Content\"";
				DEVELOPMENT_TEAM = J5FN75WZ65;
				ENABLE_PREVIEWS = YES;
				GENERATE_INFOPLIST_FILE = YES;
				INFOPLIST_KEY_UIApplicationSceneManifest_Generation = YES;
				INFOPLIST_KEY_UIApplicationSupportsIndirectInputEvents = YES;
				INFOPLIST_KEY_UILaunchScreen_Generation = YES;
				INFOPLIST_KEY_UISupportedInterfaceOrientations_iPad = "UIInterfaceOrientationPortrait UIInterfaceOrientationPortraitUpsideDown UIInterfaceOrientationLandscapeLeft UIInterfaceOrientationLandscapeRight";
				INFOPLIST_KEY_UISupportedInterfaceOrientations_iPhone = "UIInterfaceOrientationPortrait UIInterfaceOrientationLandscapeLeft UIInterfaceOrientationLandscapeRight";
				IPHONEOS_DEPLOYMENT_TARGET = 15.0;
				LD_RUNPATH_SEARCH_PATHS = (
					"$(inherited)",
					"@executable_path/Frameworks",
				);
				MARKETING_VERSION = 0.0.28;
				PRODUCT_BUNDLE_IDENTIFIER = "com.nmp.warp-ios.Blocket";
				PRODUCT_NAME = "$(TARGET_NAME)";
				SDKROOT = iphoneos;
				SUPPORTED_PLATFORMS = "iphoneos iphonesimulator";
				SUPPORTS_MACCATALYST = NO;
				SUPPORTS_MAC_DESIGNED_FOR_IPHONE_IPAD = NO;
				SUPPORTS_XR_DESIGNED_FOR_IPHONE_IPAD = NO;
				SWIFT_EMIT_LOC_STRINGS = YES;
				SWIFT_VERSION = 5.0;
				TARGETED_DEVICE_FAMILY = "1,2";
				VALIDATE_PRODUCT = YES;
			};
			name = Release;
		};
		820A86432C6D4388006D35A0 /* Debug */ = {
			isa = XCBuildConfiguration;
			buildSettings = {
				ASSETCATALOG_COMPILER_APPICON_NAME = AppIcon;
				ASSETCATALOG_COMPILER_GLOBAL_ACCENT_COLOR_NAME = AccentColor;
				CLANG_ENABLE_MODULES = YES;
				CODE_SIGN_STYLE = Automatic;
				CURRENT_PROJECT_VERSION = 1;
				DEVELOPMENT_ASSET_PATHS = "\"Finn/Preview Content\"";
				DEVELOPMENT_TEAM = J5FN75WZ65;
				ENABLE_PREVIEWS = YES;
				GENERATE_INFOPLIST_FILE = YES;
				INFOPLIST_KEY_UIApplicationSceneManifest_Generation = YES;
				INFOPLIST_KEY_UIApplicationSupportsIndirectInputEvents = YES;
				INFOPLIST_KEY_UILaunchScreen_Generation = YES;
				INFOPLIST_KEY_UISupportedInterfaceOrientations_iPad = "UIInterfaceOrientationPortrait UIInterfaceOrientationPortraitUpsideDown UIInterfaceOrientationLandscapeLeft UIInterfaceOrientationLandscapeRight";
				INFOPLIST_KEY_UISupportedInterfaceOrientations_iPhone = "UIInterfaceOrientationPortrait UIInterfaceOrientationLandscapeLeft UIInterfaceOrientationLandscapeRight";
				IPHONEOS_DEPLOYMENT_TARGET = 15.0;
				LD_RUNPATH_SEARCH_PATHS = (
					"$(inherited)",
					"@executable_path/Frameworks",
				);
				MARKETING_VERSION = 0.0.28;
				PRODUCT_BUNDLE_IDENTIFIER = "com.nmp.warp-ios.Finn";
				PRODUCT_NAME = "$(TARGET_NAME)";
				SDKROOT = iphoneos;
				SUPPORTED_PLATFORMS = "iphoneos iphonesimulator";
				SUPPORTS_MACCATALYST = NO;
				SUPPORTS_MAC_DESIGNED_FOR_IPHONE_IPAD = NO;
				SUPPORTS_XR_DESIGNED_FOR_IPHONE_IPAD = NO;
				SWIFT_EMIT_LOC_STRINGS = YES;
				SWIFT_OPTIMIZATION_LEVEL = "-Onone";
				SWIFT_VERSION = 5.0;
				TARGETED_DEVICE_FAMILY = "1,2";
			};
			name = Debug;
		};
		820A86442C6D4388006D35A0 /* Release */ = {
			isa = XCBuildConfiguration;
			buildSettings = {
				ASSETCATALOG_COMPILER_APPICON_NAME = AppIcon;
				ASSETCATALOG_COMPILER_GLOBAL_ACCENT_COLOR_NAME = AccentColor;
				CLANG_ENABLE_MODULES = YES;
				CODE_SIGN_STYLE = Automatic;
				CURRENT_PROJECT_VERSION = 1;
				DEVELOPMENT_ASSET_PATHS = "\"Finn/Preview Content\"";
				DEVELOPMENT_TEAM = J5FN75WZ65;
				ENABLE_PREVIEWS = YES;
				GENERATE_INFOPLIST_FILE = YES;
				INFOPLIST_KEY_UIApplicationSceneManifest_Generation = YES;
				INFOPLIST_KEY_UIApplicationSupportsIndirectInputEvents = YES;
				INFOPLIST_KEY_UILaunchScreen_Generation = YES;
				INFOPLIST_KEY_UISupportedInterfaceOrientations_iPad = "UIInterfaceOrientationPortrait UIInterfaceOrientationPortraitUpsideDown UIInterfaceOrientationLandscapeLeft UIInterfaceOrientationLandscapeRight";
				INFOPLIST_KEY_UISupportedInterfaceOrientations_iPhone = "UIInterfaceOrientationPortrait UIInterfaceOrientationLandscapeLeft UIInterfaceOrientationLandscapeRight";
				IPHONEOS_DEPLOYMENT_TARGET = 15.0;
				LD_RUNPATH_SEARCH_PATHS = (
					"$(inherited)",
					"@executable_path/Frameworks",
				);
				MARKETING_VERSION = 0.0.28;
				PRODUCT_BUNDLE_IDENTIFIER = "com.nmp.warp-ios.Finn";
				PRODUCT_NAME = "$(TARGET_NAME)";
				SDKROOT = iphoneos;
				SUPPORTED_PLATFORMS = "iphoneos iphonesimulator";
				SUPPORTS_MACCATALYST = NO;
				SUPPORTS_MAC_DESIGNED_FOR_IPHONE_IPAD = NO;
				SUPPORTS_XR_DESIGNED_FOR_IPHONE_IPAD = NO;
				SWIFT_EMIT_LOC_STRINGS = YES;
				SWIFT_VERSION = 5.0;
				TARGETED_DEVICE_FAMILY = "1,2";
				VALIDATE_PRODUCT = YES;
			};
			name = Release;
		};
		824977AA2A893F430013475C /* Debug */ = {
			isa = XCBuildConfiguration;
			buildSettings = {
				ALWAYS_SEARCH_USER_PATHS = NO;
				ASSETCATALOG_COMPILER_GENERATE_SWIFT_ASSET_SYMBOL_EXTENSIONS = YES;
				CLANG_ANALYZER_NONNULL = YES;
				CLANG_ANALYZER_NUMBER_OBJECT_CONVERSION = YES_AGGRESSIVE;
				CLANG_CXX_LANGUAGE_STANDARD = "gnu++20";
				CLANG_ENABLE_MODULES = YES;
				CLANG_ENABLE_OBJC_ARC = YES;
				CLANG_ENABLE_OBJC_WEAK = YES;
				CLANG_WARN_BLOCK_CAPTURE_AUTORELEASING = YES;
				CLANG_WARN_BOOL_CONVERSION = YES;
				CLANG_WARN_COMMA = YES;
				CLANG_WARN_CONSTANT_CONVERSION = YES;
				CLANG_WARN_DEPRECATED_OBJC_IMPLEMENTATIONS = YES;
				CLANG_WARN_DIRECT_OBJC_ISA_USAGE = YES_ERROR;
				CLANG_WARN_DOCUMENTATION_COMMENTS = YES;
				CLANG_WARN_EMPTY_BODY = YES;
				CLANG_WARN_ENUM_CONVERSION = YES;
				CLANG_WARN_INFINITE_RECURSION = YES;
				CLANG_WARN_INT_CONVERSION = YES;
				CLANG_WARN_NON_LITERAL_NULL_CONVERSION = YES;
				CLANG_WARN_OBJC_IMPLICIT_RETAIN_SELF = YES;
				CLANG_WARN_OBJC_LITERAL_CONVERSION = YES;
				CLANG_WARN_OBJC_ROOT_CLASS = YES_ERROR;
				CLANG_WARN_QUOTED_INCLUDE_IN_FRAMEWORK_HEADER = YES;
				CLANG_WARN_RANGE_LOOP_ANALYSIS = YES;
				CLANG_WARN_STRICT_PROTOTYPES = YES;
				CLANG_WARN_SUSPICIOUS_MOVE = YES;
				CLANG_WARN_UNGUARDED_AVAILABILITY = YES_AGGRESSIVE;
				CLANG_WARN_UNREACHABLE_CODE = YES;
				CLANG_WARN__DUPLICATE_METHOD_MATCH = YES;
				COPY_PHASE_STRIP = NO;
				DEBUG_INFORMATION_FORMAT = dwarf;
				ENABLE_STRICT_OBJC_MSGSEND = YES;
				ENABLE_TESTABILITY = YES;
				ENABLE_USER_SCRIPT_SANDBOXING = YES;
				GCC_C_LANGUAGE_STANDARD = gnu17;
				GCC_DYNAMIC_NO_PIC = NO;
				GCC_NO_COMMON_BLOCKS = YES;
				GCC_OPTIMIZATION_LEVEL = 0;
				GCC_PREPROCESSOR_DEFINITIONS = (
					"DEBUG=1",
					"$(inherited)",
				);
				GCC_WARN_64_TO_32_BIT_CONVERSION = YES;
				GCC_WARN_ABOUT_RETURN_TYPE = YES_ERROR;
				GCC_WARN_UNDECLARED_SELECTOR = YES;
				GCC_WARN_UNINITIALIZED_AUTOS = YES_AGGRESSIVE;
				GCC_WARN_UNUSED_FUNCTION = YES;
				GCC_WARN_UNUSED_VARIABLE = YES;
				LOCALIZATION_PREFERS_STRING_CATALOGS = YES;
				MTL_ENABLE_DEBUG_INFO = INCLUDE_SOURCE;
				MTL_FAST_MATH = YES;
				ONLY_ACTIVE_ARCH = YES;
				SWIFT_ACTIVE_COMPILATION_CONDITIONS = "DEBUG $(inherited)";
				SWIFT_OPTIMIZATION_LEVEL = "-Onone";
			};
			name = Debug;
		};
		824977AB2A893F430013475C /* Release */ = {
			isa = XCBuildConfiguration;
			buildSettings = {
				ALWAYS_SEARCH_USER_PATHS = NO;
				ASSETCATALOG_COMPILER_GENERATE_SWIFT_ASSET_SYMBOL_EXTENSIONS = YES;
				CLANG_ANALYZER_NONNULL = YES;
				CLANG_ANALYZER_NUMBER_OBJECT_CONVERSION = YES_AGGRESSIVE;
				CLANG_CXX_LANGUAGE_STANDARD = "gnu++20";
				CLANG_ENABLE_MODULES = YES;
				CLANG_ENABLE_OBJC_ARC = YES;
				CLANG_ENABLE_OBJC_WEAK = YES;
				CLANG_WARN_BLOCK_CAPTURE_AUTORELEASING = YES;
				CLANG_WARN_BOOL_CONVERSION = YES;
				CLANG_WARN_COMMA = YES;
				CLANG_WARN_CONSTANT_CONVERSION = YES;
				CLANG_WARN_DEPRECATED_OBJC_IMPLEMENTATIONS = YES;
				CLANG_WARN_DIRECT_OBJC_ISA_USAGE = YES_ERROR;
				CLANG_WARN_DOCUMENTATION_COMMENTS = YES;
				CLANG_WARN_EMPTY_BODY = YES;
				CLANG_WARN_ENUM_CONVERSION = YES;
				CLANG_WARN_INFINITE_RECURSION = YES;
				CLANG_WARN_INT_CONVERSION = YES;
				CLANG_WARN_NON_LITERAL_NULL_CONVERSION = YES;
				CLANG_WARN_OBJC_IMPLICIT_RETAIN_SELF = YES;
				CLANG_WARN_OBJC_LITERAL_CONVERSION = YES;
				CLANG_WARN_OBJC_ROOT_CLASS = YES_ERROR;
				CLANG_WARN_QUOTED_INCLUDE_IN_FRAMEWORK_HEADER = YES;
				CLANG_WARN_RANGE_LOOP_ANALYSIS = YES;
				CLANG_WARN_STRICT_PROTOTYPES = YES;
				CLANG_WARN_SUSPICIOUS_MOVE = YES;
				CLANG_WARN_UNGUARDED_AVAILABILITY = YES_AGGRESSIVE;
				CLANG_WARN_UNREACHABLE_CODE = YES;
				CLANG_WARN__DUPLICATE_METHOD_MATCH = YES;
				COPY_PHASE_STRIP = NO;
				DEBUG_INFORMATION_FORMAT = "dwarf-with-dsym";
				ENABLE_NS_ASSERTIONS = NO;
				ENABLE_STRICT_OBJC_MSGSEND = YES;
				ENABLE_USER_SCRIPT_SANDBOXING = YES;
				GCC_C_LANGUAGE_STANDARD = gnu17;
				GCC_NO_COMMON_BLOCKS = YES;
				GCC_WARN_64_TO_32_BIT_CONVERSION = YES;
				GCC_WARN_ABOUT_RETURN_TYPE = YES_ERROR;
				GCC_WARN_UNDECLARED_SELECTOR = YES;
				GCC_WARN_UNINITIALIZED_AUTOS = YES_AGGRESSIVE;
				GCC_WARN_UNUSED_FUNCTION = YES;
				GCC_WARN_UNUSED_VARIABLE = YES;
				LOCALIZATION_PREFERS_STRING_CATALOGS = YES;
				MTL_ENABLE_DEBUG_INFO = NO;
				MTL_FAST_MATH = YES;
				SWIFT_COMPILATION_MODE = wholemodule;
			};
			name = Release;
		};
		827C4BB72A89410B00660D82 /* Debug */ = {
			isa = XCBuildConfiguration;
			buildSettings = {
				ASSETCATALOG_COMPILER_APPICON_NAME = AppIcon;
				ASSETCATALOG_COMPILER_GLOBAL_ACCENT_COLOR_NAME = AccentColor;
				CLANG_ENABLE_MODULES = YES;
				CODE_SIGN_STYLE = Automatic;
				CURRENT_PROJECT_VERSION = 1;
				DEVELOPMENT_ASSET_PATHS = "\"Tori/Preview Content\"";
				DEVELOPMENT_TEAM = J5FN75WZ65;
				ENABLE_PREVIEWS = YES;
				GENERATE_INFOPLIST_FILE = YES;
				INFOPLIST_KEY_UIApplicationSceneManifest_Generation = YES;
				INFOPLIST_KEY_UIApplicationSupportsIndirectInputEvents = YES;
				INFOPLIST_KEY_UILaunchScreen_Generation = YES;
				INFOPLIST_KEY_UISupportedInterfaceOrientations_iPad = "UIInterfaceOrientationPortrait UIInterfaceOrientationPortraitUpsideDown UIInterfaceOrientationLandscapeLeft UIInterfaceOrientationLandscapeRight";
				INFOPLIST_KEY_UISupportedInterfaceOrientations_iPhone = "UIInterfaceOrientationPortrait UIInterfaceOrientationLandscapeLeft UIInterfaceOrientationLandscapeRight";
				IPHONEOS_DEPLOYMENT_TARGET = 15.0;
				LD_RUNPATH_SEARCH_PATHS = (
					"$(inherited)",
					"@executable_path/Frameworks",
				);
				MARKETING_VERSION = 0.0.28;
				PRODUCT_BUNDLE_IDENTIFIER = "com.nmp.warp-ios.Tori";
				PRODUCT_NAME = "$(TARGET_NAME)";
				SDKROOT = iphoneos;
				SUPPORTED_PLATFORMS = "iphoneos iphonesimulator";
				SUPPORTS_MACCATALYST = NO;
				SUPPORTS_MAC_DESIGNED_FOR_IPHONE_IPAD = NO;
				SUPPORTS_XR_DESIGNED_FOR_IPHONE_IPAD = NO;
				SWIFT_EMIT_LOC_STRINGS = YES;
				SWIFT_OPTIMIZATION_LEVEL = "-Onone";
				SWIFT_VERSION = 5.0;
				TARGETED_DEVICE_FAMILY = "1,2";
			};
			name = Debug;
		};
		827C4BB82A89410B00660D82 /* Release */ = {
			isa = XCBuildConfiguration;
			buildSettings = {
				ASSETCATALOG_COMPILER_APPICON_NAME = AppIcon;
				ASSETCATALOG_COMPILER_GLOBAL_ACCENT_COLOR_NAME = AccentColor;
				CLANG_ENABLE_MODULES = YES;
				CODE_SIGN_STYLE = Automatic;
				CURRENT_PROJECT_VERSION = 1;
				DEVELOPMENT_ASSET_PATHS = "\"Tori/Preview Content\"";
				DEVELOPMENT_TEAM = J5FN75WZ65;
				ENABLE_PREVIEWS = YES;
				GENERATE_INFOPLIST_FILE = YES;
				INFOPLIST_KEY_UIApplicationSceneManifest_Generation = YES;
				INFOPLIST_KEY_UIApplicationSupportsIndirectInputEvents = YES;
				INFOPLIST_KEY_UILaunchScreen_Generation = YES;
				INFOPLIST_KEY_UISupportedInterfaceOrientations_iPad = "UIInterfaceOrientationPortrait UIInterfaceOrientationPortraitUpsideDown UIInterfaceOrientationLandscapeLeft UIInterfaceOrientationLandscapeRight";
				INFOPLIST_KEY_UISupportedInterfaceOrientations_iPhone = "UIInterfaceOrientationPortrait UIInterfaceOrientationLandscapeLeft UIInterfaceOrientationLandscapeRight";
				IPHONEOS_DEPLOYMENT_TARGET = 15.0;
				LD_RUNPATH_SEARCH_PATHS = (
					"$(inherited)",
					"@executable_path/Frameworks",
				);
				MARKETING_VERSION = 0.0.28;
				PRODUCT_BUNDLE_IDENTIFIER = "com.nmp.warp-ios.Tori";
				PRODUCT_NAME = "$(TARGET_NAME)";
				SDKROOT = iphoneos;
				SUPPORTED_PLATFORMS = "iphoneos iphonesimulator";
				SUPPORTS_MACCATALYST = NO;
				SUPPORTS_MAC_DESIGNED_FOR_IPHONE_IPAD = NO;
				SUPPORTS_XR_DESIGNED_FOR_IPHONE_IPAD = NO;
				SWIFT_EMIT_LOC_STRINGS = YES;
				SWIFT_VERSION = 5.0;
				TARGETED_DEVICE_FAMILY = "1,2";
				VALIDATE_PRODUCT = YES;
			};
			name = Release;
		};
/* End XCBuildConfiguration section */

/* Begin XCConfigurationList section */
		2E1ADF652C2561A700DFEE06 /* Build configuration list for PBXNativeTarget "DBA" */ = {
			isa = XCConfigurationList;
			buildConfigurations = (
				2E1ADF662C2561A700DFEE06 /* Debug */,
				2E1ADF672C2561A700DFEE06 /* Release */,
			);
			defaultConfigurationIsVisible = 0;
			defaultConfigurationName = Release;
		};
		820A86072C6CEB0C006D35A0 /* Build configuration list for PBXNativeTarget "Blocket" */ = {
			isa = XCConfigurationList;
			buildConfigurations = (
				820A86082C6CEB0C006D35A0 /* Debug */,
				820A86092C6CEB0C006D35A0 /* Release */,
			);
			defaultConfigurationIsVisible = 0;
			defaultConfigurationName = Release;
		};
		820A86422C6D4388006D35A0 /* Build configuration list for PBXNativeTarget "Finn" */ = {
			isa = XCConfigurationList;
			buildConfigurations = (
				820A86432C6D4388006D35A0 /* Debug */,
				820A86442C6D4388006D35A0 /* Release */,
			);
			defaultConfigurationIsVisible = 0;
			defaultConfigurationName = Release;
		};
		824977822A893F400013475C /* Build configuration list for PBXProject "Warp-iosSampleApp" */ = {
			isa = XCConfigurationList;
			buildConfigurations = (
				824977AA2A893F430013475C /* Debug */,
				824977AB2A893F430013475C /* Release */,
			);
			defaultConfigurationIsVisible = 0;
			defaultConfigurationName = Release;
		};
		827C4BB62A89410B00660D82 /* Build configuration list for PBXNativeTarget "Tori" */ = {
			isa = XCConfigurationList;
			buildConfigurations = (
				827C4BB72A89410B00660D82 /* Debug */,
				827C4BB82A89410B00660D82 /* Release */,
			);
			defaultConfigurationIsVisible = 0;
			defaultConfigurationName = Release;
		};
/* End XCConfigurationList section */

/* Begin XCRemoteSwiftPackageReference section */
		2E1ADF4C2C2561A700DFEE06 /* XCRemoteSwiftPackageReference "firebase-ios-sdk" */ = {
			isa = XCRemoteSwiftPackageReference;
			repositoryURL = "https://github.com/firebase/firebase-ios-sdk";
			requirement = {
				kind = exactVersion;
				version = 10.20.0;
			};
		};
		820A85E92C6CEB0C006D35A0 /* XCRemoteSwiftPackageReference "firebase-ios-sdk" */ = {
			isa = XCRemoteSwiftPackageReference;
			repositoryURL = "https://github.com/firebase/firebase-ios-sdk";
			requirement = {
				kind = exactVersion;
				version = 10.20.0;
			};
		};
		820A86252C6D4388006D35A0 /* XCRemoteSwiftPackageReference "firebase-ios-sdk" */ = {
			isa = XCRemoteSwiftPackageReference;
			repositoryURL = "https://github.com/firebase/firebase-ios-sdk";
			requirement = {
				kind = exactVersion;
				version = 10.20.0;
			};
		};
		82838CF72B6BED4200E3C495 /* XCRemoteSwiftPackageReference "firebase-ios-sdk" */ = {
			isa = XCRemoteSwiftPackageReference;
			repositoryURL = "https://github.com/firebase/firebase-ios-sdk";
			requirement = {
				kind = exactVersion;
				version = 10.20.0;
			};
		};
/* End XCRemoteSwiftPackageReference section */

/* Begin XCSwiftPackageProductDependency section */
		2E1ADF4A2C2561A700DFEE06 /* Warp */ = {
			isa = XCSwiftPackageProductDependency;
			productName = Warp;
		};
		2E1ADF4B2C2561A700DFEE06 /* FirebaseAnalytics */ = {
			isa = XCSwiftPackageProductDependency;
			package = 2E1ADF4C2C2561A700DFEE06 /* XCRemoteSwiftPackageReference "firebase-ios-sdk" */;
			productName = FirebaseAnalytics;
		};
		34A278C12AD5473C00EE6ED8 /* Warp */ = {
			isa = XCSwiftPackageProductDependency;
			productName = Warp;
		};
		820A85E72C6CEB0C006D35A0 /* Warp */ = {
			isa = XCSwiftPackageProductDependency;
			productName = Warp;
		};
		820A85E82C6CEB0C006D35A0 /* FirebaseAnalytics */ = {
			isa = XCSwiftPackageProductDependency;
			package = 820A85E92C6CEB0C006D35A0 /* XCRemoteSwiftPackageReference "firebase-ios-sdk" */;
			productName = FirebaseAnalytics;
		};
		820A86232C6D4388006D35A0 /* Warp */ = {
			isa = XCSwiftPackageProductDependency;
			productName = Warp;
		};
		820A86242C6D4388006D35A0 /* FirebaseAnalytics */ = {
			isa = XCSwiftPackageProductDependency;
			package = 820A86252C6D4388006D35A0 /* XCRemoteSwiftPackageReference "firebase-ios-sdk" */;
			productName = FirebaseAnalytics;
		};
		82838CFA2B6BEDA400E3C495 /* FirebaseAnalytics */ = {
			isa = XCSwiftPackageProductDependency;
			package = 82838CF72B6BED4200E3C495 /* XCRemoteSwiftPackageReference "firebase-ios-sdk" */;
			productName = FirebaseAnalytics;
		};
/* End XCSwiftPackageProductDependency section */
	};
	rootObject = 8249777F2A893F400013475C /* Project object */;
}
