// !$*UTF8*$!
{
	archiveVersion = 1;
	classes = {
	};
	objectVersion = 56;
	objects = {

/* Begin PBXBuildFile section */
		349586642B0EAD2D00A14570 /* TypographyView.swift in Sources */ = {isa = PBXBuildFile; fileRef = 349586632B0EAD2D00A14570 /* TypographyView.swift */; };
		349586652B0F727600A14570 /* TypographyView.swift in Sources */ = {isa = PBXBuildFile; fileRef = 349586632B0EAD2D00A14570 /* TypographyView.swift */; };
		349D0E132B62D67A00AAB421 /* AlertView.swift in Sources */ = {isa = PBXBuildFile; fileRef = 349D0E122B62D67A00AAB421 /* AlertView.swift */; };
		349D0E142B62D67E00AAB421 /* AlertView.swift in Sources */ = {isa = PBXBuildFile; fileRef = 349D0E122B62D67A00AAB421 /* AlertView.swift */; };
		34A278C02AD5472E00EE6ED8 /* Warp in Frameworks */ = {isa = PBXBuildFile; productRef = 34A278BF2AD5472E00EE6ED8 /* Warp */; };
		34A278C22AD5473C00EE6ED8 /* Warp in Frameworks */ = {isa = PBXBuildFile; productRef = 34A278C12AD5473C00EE6ED8 /* Warp */; };
		82355AFE2A8CCBE70023EB11 /* Assets.xcassets in Resources */ = {isa = PBXBuildFile; fileRef = 82355AFA2A8CCBE70023EB11 /* Assets.xcassets */; };
		82355B002A8CCBE70023EB11 /* Preview Content in Resources */ = {isa = PBXBuildFile; fileRef = 82355AFC2A8CCBE70023EB11 /* Preview Content */; };
		82355B072A8CD0870023EB11 /* Warp_iosFinn.swift in Sources */ = {isa = PBXBuildFile; fileRef = 82355B062A8CD0870023EB11 /* Warp_iosFinn.swift */; };
		82355B0C2A8CD0AA0023EB11 /* Assets.xcassets in Resources */ = {isa = PBXBuildFile; fileRef = 82355B082A8CD0AA0023EB11 /* Assets.xcassets */; };
		82355B0E2A8CD0AA0023EB11 /* ContentView.swift in Sources */ = {isa = PBXBuildFile; fileRef = 82355B0A2A8CD0AA0023EB11 /* ContentView.swift */; };
		82355B0F2A8CD0AA0023EB11 /* Preview Content in Resources */ = {isa = PBXBuildFile; fileRef = 82355B0B2A8CD0AA0023EB11 /* Preview Content */; };
		82355B112A8CD0C10023EB11 /* Warp_iosTori.swift in Sources */ = {isa = PBXBuildFile; fileRef = 82355B102A8CD0C10023EB11 /* Warp_iosTori.swift */; };
		82355B122A8CD1120023EB11 /* ContentView.swift in Sources */ = {isa = PBXBuildFile; fileRef = 82355B0A2A8CD0AA0023EB11 /* ContentView.swift */; };
		8251E8CA2B4E8B7D00106720 /* BrandTokensView.swift in Sources */ = {isa = PBXBuildFile; fileRef = 8251E8C92B4E8B7D00106720 /* BrandTokensView.swift */; };
		8251E8CB2B4E8B7D00106720 /* BrandTokensView.swift in Sources */ = {isa = PBXBuildFile; fileRef = 8251E8C92B4E8B7D00106720 /* BrandTokensView.swift */; };
		82838CF42B6BECEF00E3C495 /* GoogleService-Info.plist in Resources */ = {isa = PBXBuildFile; fileRef = 82838CF32B6BECEF00E3C495 /* GoogleService-Info.plist */; };
		82838CF62B6BED0000E3C495 /* GoogleService-Info.plist in Resources */ = {isa = PBXBuildFile; fileRef = 82838CF52B6BED0000E3C495 /* GoogleService-Info.plist */; };
		82838CF92B6BED9700E3C495 /* FirebaseAnalytics in Frameworks */ = {isa = PBXBuildFile; productRef = 82838CF82B6BED9700E3C495 /* FirebaseAnalytics */; };
		82838CFB2B6BEDA400E3C495 /* FirebaseAnalytics in Frameworks */ = {isa = PBXBuildFile; productRef = 82838CFA2B6BEDA400E3C495 /* FirebaseAnalytics */; };
		828E7D452B61239100869C58 /* BadgeView.swift in Sources */ = {isa = PBXBuildFile; fileRef = 828E7D442B61239100869C58 /* BadgeView.swift */; };
		828E7D462B61239100869C58 /* BadgeView.swift in Sources */ = {isa = PBXBuildFile; fileRef = 828E7D442B61239100869C58 /* BadgeView.swift */; };
		82A215592A8DF4DC0062FB9E /* ButtonView.swift in Sources */ = {isa = PBXBuildFile; fileRef = 82A215582A8DF4DC0062FB9E /* ButtonView.swift */; };
		82A2155A2A8DF4DC0062FB9E /* ButtonView.swift in Sources */ = {isa = PBXBuildFile; fileRef = 82A215582A8DF4DC0062FB9E /* ButtonView.swift */; };
		82A2155C2A8DF93B0062FB9E /* TextFieldView.swift in Sources */ = {isa = PBXBuildFile; fileRef = 82A2155B2A8DF93B0062FB9E /* TextFieldView.swift */; };
		82A2155D2A8DF93B0062FB9E /* TextFieldView.swift in Sources */ = {isa = PBXBuildFile; fileRef = 82A2155B2A8DF93B0062FB9E /* TextFieldView.swift */; };
		B2922A6E2B68E7F200A3E9F4 /* ToastView.swift in Sources */ = {isa = PBXBuildFile; fileRef = B2922A6D2B68E7F200A3E9F4 /* ToastView.swift */; };
		B2922A6F2B68E7F200A3E9F4 /* ToastView.swift in Sources */ = {isa = PBXBuildFile; fileRef = B2922A6D2B68E7F200A3E9F4 /* ToastView.swift */; };
		B2A8B2792B6D33B800122DBC /* CalloutView.swift in Sources */ = {isa = PBXBuildFile; fileRef = B2A8B2782B6D33B800122DBC /* CalloutView.swift */; };
		B2A8B27A2B6D33B800122DBC /* CalloutView.swift in Sources */ = {isa = PBXBuildFile; fileRef = B2A8B2782B6D33B800122DBC /* CalloutView.swift */; };
/* End PBXBuildFile section */

/* Begin PBXFileReference section */
		349586632B0EAD2D00A14570 /* TypographyView.swift */ = {isa = PBXFileReference; fileEncoding = 4; lastKnownFileType = sourcecode.swift; path = TypographyView.swift; sourceTree = "<group>"; };
		349D0E122B62D67A00AAB421 /* AlertView.swift */ = {isa = PBXFileReference; lastKnownFileType = sourcecode.swift; path = AlertView.swift; sourceTree = "<group>"; };
		8206620F2A8CC97C0088677D /* warp-ios */ = {isa = PBXFileReference; lastKnownFileType = wrapper; name = "warp-ios"; path = ..; sourceTree = "<group>"; };
		82355AFA2A8CCBE70023EB11 /* Assets.xcassets */ = {isa = PBXFileReference; lastKnownFileType = folder.assetcatalog; path = Assets.xcassets; sourceTree = "<group>"; };
		82355AFC2A8CCBE70023EB11 /* Preview Content */ = {isa = PBXFileReference; lastKnownFileType = folder; path = "Preview Content"; sourceTree = "<group>"; };
		82355B052A8CD07C0023EB11 /* Warp_iosSampleApp.entitlements */ = {isa = PBXFileReference; lastKnownFileType = text.plist.entitlements; name = Warp_iosSampleApp.entitlements; path = "Warp-iosFinn/Warp_iosSampleApp.entitlements"; sourceTree = "<group>"; };
		82355B062A8CD0870023EB11 /* Warp_iosFinn.swift */ = {isa = PBXFileReference; fileEncoding = 4; lastKnownFileType = sourcecode.swift; name = Warp_iosFinn.swift; path = "Warp-iosFinn/Warp_iosFinn.swift"; sourceTree = "<group>"; };
		82355B082A8CD0AA0023EB11 /* Assets.xcassets */ = {isa = PBXFileReference; lastKnownFileType = folder.assetcatalog; name = Assets.xcassets; path = "Warp-iosFinn/Assets.xcassets"; sourceTree = "<group>"; };
		82355B0A2A8CD0AA0023EB11 /* ContentView.swift */ = {isa = PBXFileReference; fileEncoding = 4; lastKnownFileType = sourcecode.swift; name = ContentView.swift; path = "Warp-iosFinn/ContentView.swift"; sourceTree = "<group>"; };
		82355B0B2A8CD0AA0023EB11 /* Preview Content */ = {isa = PBXFileReference; lastKnownFileType = folder; name = "Preview Content"; path = "Warp-iosFinn/Preview Content"; sourceTree = "<group>"; };
		82355B102A8CD0C10023EB11 /* Warp_iosTori.swift */ = {isa = PBXFileReference; lastKnownFileType = sourcecode.swift; path = Warp_iosTori.swift; sourceTree = "<group>"; };
		824977872A893F400013475C /* Finn.app */ = {isa = PBXFileReference; explicitFileType = wrapper.application; includeInIndex = 0; path = Finn.app; sourceTree = BUILT_PRODUCTS_DIR; };
		8251E8C92B4E8B7D00106720 /* BrandTokensView.swift */ = {isa = PBXFileReference; lastKnownFileType = sourcecode.swift; path = BrandTokensView.swift; sourceTree = "<group>"; };
		827C4B952A89410800660D82 /* Tori.app */ = {isa = PBXFileReference; explicitFileType = wrapper.application; includeInIndex = 0; path = Tori.app; sourceTree = BUILT_PRODUCTS_DIR; };
		82838CF32B6BECEF00E3C495 /* GoogleService-Info.plist */ = {isa = PBXFileReference; fileEncoding = 4; lastKnownFileType = text.plist.xml; path = "GoogleService-Info.plist"; sourceTree = "<group>"; };
		82838CF52B6BED0000E3C495 /* GoogleService-Info.plist */ = {isa = PBXFileReference; fileEncoding = 4; lastKnownFileType = text.plist.xml; path = "GoogleService-Info.plist"; sourceTree = "<group>"; };
		828E7D442B61239100869C58 /* BadgeView.swift */ = {isa = PBXFileReference; fileEncoding = 4; lastKnownFileType = sourcecode.swift; path = BadgeView.swift; sourceTree = "<group>"; };
		82A215582A8DF4DC0062FB9E /* ButtonView.swift */ = {isa = PBXFileReference; lastKnownFileType = sourcecode.swift; path = ButtonView.swift; sourceTree = "<group>"; };
		82A2155B2A8DF93B0062FB9E /* TextFieldView.swift */ = {isa = PBXFileReference; lastKnownFileType = sourcecode.swift; path = TextFieldView.swift; sourceTree = "<group>"; };
		B2922A6D2B68E7F200A3E9F4 /* ToastView.swift */ = {isa = PBXFileReference; fileEncoding = 4; lastKnownFileType = sourcecode.swift; path = ToastView.swift; sourceTree = "<group>"; };
		B2A8B2782B6D33B800122DBC /* CalloutView.swift */ = {isa = PBXFileReference; fileEncoding = 4; lastKnownFileType = sourcecode.swift; path = CalloutView.swift; sourceTree = "<group>"; };
/* End PBXFileReference section */

/* Begin PBXFrameworksBuildPhase section */
		824977842A893F400013475C /* Frameworks */ = {
			isa = PBXFrameworksBuildPhase;
			buildActionMask = 2147483647;
			files = (
				82838CF92B6BED9700E3C495 /* FirebaseAnalytics in Frameworks */,
				34A278C02AD5472E00EE6ED8 /* Warp in Frameworks */,
			);
			runOnlyForDeploymentPostprocessing = 0;
		};
		827C4B922A89410800660D82 /* Frameworks */ = {
			isa = PBXFrameworksBuildPhase;
			buildActionMask = 2147483647;
			files = (
				82838CFB2B6BEDA400E3C495 /* FirebaseAnalytics in Frameworks */,
				34A278C22AD5473C00EE6ED8 /* Warp in Frameworks */,
			);
			runOnlyForDeploymentPostprocessing = 0;
		};
/* End PBXFrameworksBuildPhase section */

/* Begin PBXGroup section */
		82355AF82A8CCBC90023EB11 /* Warp-iosTori */ = {
			isa = PBXGroup;
			children = (
				82355B102A8CD0C10023EB11 /* Warp_iosTori.swift */,
				82838CF52B6BED0000E3C495 /* GoogleService-Info.plist */,
				82355AFA2A8CCBE70023EB11 /* Assets.xcassets */,
				82355AFC2A8CCBE70023EB11 /* Preview Content */,
			);
			path = "Warp-iosTori";
			sourceTree = "<group>";
		};
		8249777E2A893F400013475C = {
			isa = PBXGroup;
			children = (
				8206620F2A8CC97C0088677D /* warp-ios */,
				828547C92A8CCA3300401DA3 /* Warp-iosFinn */,
				82355AF82A8CCBC90023EB11 /* Warp-iosTori */,
				824977882A893F400013475C /* Products */,
				827C4B8E2A89407F00660D82 /* Frameworks */,
			);
			sourceTree = "<group>";
		};
		824977882A893F400013475C /* Products */ = {
			isa = PBXGroup;
			children = (
				824977872A893F400013475C /* Finn.app */,
				827C4B952A89410800660D82 /* Tori.app */,
			);
			name = Products;
			sourceTree = "<group>";
		};
		827C4B8E2A89407F00660D82 /* Frameworks */ = {
			isa = PBXGroup;
			children = (
			);
			name = Frameworks;
			sourceTree = "<group>";
		};
		828547C92A8CCA3300401DA3 /* Warp-iosFinn */ = {
			isa = PBXGroup;
			children = (
				B2922A6D2B68E7F200A3E9F4 /* ToastView.swift */,
				B2A8B2782B6D33B800122DBC /* CalloutView.swift */,
				349586632B0EAD2D00A14570 /* TypographyView.swift */,
				82355B062A8CD0870023EB11 /* Warp_iosFinn.swift */,
				82355B0A2A8CD0AA0023EB11 /* ContentView.swift */,
				8251E8C92B4E8B7D00106720 /* BrandTokensView.swift */,
				828E7D442B61239100869C58 /* BadgeView.swift */,
				82A215582A8DF4DC0062FB9E /* ButtonView.swift */,
				349D0E122B62D67A00AAB421 /* AlertView.swift */,
				82A2155B2A8DF93B0062FB9E /* TextFieldView.swift */,
				82838CF32B6BECEF00E3C495 /* GoogleService-Info.plist */,
				82355B082A8CD0AA0023EB11 /* Assets.xcassets */,
				82355B0B2A8CD0AA0023EB11 /* Preview Content */,
				82355B052A8CD07C0023EB11 /* Warp_iosSampleApp.entitlements */,
			);
			name = "Warp-iosFinn";
			sourceTree = "<group>";
		};
/* End PBXGroup section */

/* Begin PBXNativeTarget section */
		824977862A893F400013475C /* Finn */ = {
			isa = PBXNativeTarget;
			buildConfigurationList = 824977AC2A893F430013475C /* Build configuration list for PBXNativeTarget "Finn" */;
			buildPhases = (
				824977832A893F400013475C /* Sources */,
				824977842A893F400013475C /* Frameworks */,
				824977852A893F400013475C /* Resources */,
			);
			buildRules = (
			);
			dependencies = (
			);
			name = Finn;
			packageProductDependencies = (
				34A278BF2AD5472E00EE6ED8 /* Warp */,
				82838CF82B6BED9700E3C495 /* FirebaseAnalytics */,
			);
			productName = "Wrap-iOS";
			productReference = 824977872A893F400013475C /* Finn.app */;
			productType = "com.apple.product-type.application";
		};
		827C4B942A89410800660D82 /* Tori */ = {
			isa = PBXNativeTarget;
			buildConfigurationList = 827C4BB62A89410B00660D82 /* Build configuration list for PBXNativeTarget "Tori" */;
			buildPhases = (
				827C4B912A89410800660D82 /* Sources */,
				827C4B922A89410800660D82 /* Frameworks */,
				827C4B932A89410800660D82 /* Resources */,
			);
			buildRules = (
			);
			dependencies = (
			);
			name = Tori;
			packageProductDependencies = (
				34A278C12AD5473C00EE6ED8 /* Warp */,
				82838CFA2B6BEDA400E3C495 /* FirebaseAnalytics */,
			);
			productName = "Wrap-iOS-Tori";
			productReference = 827C4B952A89410800660D82 /* Tori.app */;
			productType = "com.apple.product-type.application";
		};
/* End PBXNativeTarget section */

/* Begin PBXProject section */
		8249777F2A893F400013475C /* Project object */ = {
			isa = PBXProject;
			attributes = {
				BuildIndependentTargetsInParallel = 1;
				LastSwiftUpdateCheck = 1500;
				LastUpgradeCheck = 1500;
				TargetAttributes = {
					824977862A893F400013475C = {
						CreatedOnToolsVersion = 15.0;
						LastSwiftMigration = 1500;
					};
					827C4B942A89410800660D82 = {
						CreatedOnToolsVersion = 15.0;
						LastSwiftMigration = 1500;
					};
				};
			};
			buildConfigurationList = 824977822A893F400013475C /* Build configuration list for PBXProject "Warp-iosSampleApp" */;
			compatibilityVersion = "Xcode 14.0";
			developmentRegion = en;
			hasScannedForEncodings = 0;
			knownRegions = (
				en,
				Base,
			);
			mainGroup = 8249777E2A893F400013475C;
			packageReferences = (
				82838CF72B6BED4200E3C495 /* XCRemoteSwiftPackageReference "firebase-ios-sdk" */,
			);
			productRefGroup = 824977882A893F400013475C /* Products */;
			projectDirPath = "";
			projectRoot = "";
			targets = (
				824977862A893F400013475C /* Finn */,
				827C4B942A89410800660D82 /* Tori */,
			);
		};
/* End PBXProject section */

/* Begin PBXResourcesBuildPhase section */
		824977852A893F400013475C /* Resources */ = {
			isa = PBXResourcesBuildPhase;
			buildActionMask = 2147483647;
			files = (
				82355B0F2A8CD0AA0023EB11 /* Preview Content in Resources */,
				82355B0C2A8CD0AA0023EB11 /* Assets.xcassets in Resources */,
				82838CF42B6BECEF00E3C495 /* GoogleService-Info.plist in Resources */,
			);
			runOnlyForDeploymentPostprocessing = 0;
		};
		827C4B932A89410800660D82 /* Resources */ = {
			isa = PBXResourcesBuildPhase;
			buildActionMask = 2147483647;
			files = (
				82355B002A8CCBE70023EB11 /* Preview Content in Resources */,
				82355AFE2A8CCBE70023EB11 /* Assets.xcassets in Resources */,
				82838CF62B6BED0000E3C495 /* GoogleService-Info.plist in Resources */,
			);
			runOnlyForDeploymentPostprocessing = 0;
		};
/* End PBXResourcesBuildPhase section */

/* Begin PBXSourcesBuildPhase section */
		824977832A893F400013475C /* Sources */ = {
			isa = PBXSourcesBuildPhase;
			buildActionMask = 2147483647;
			files = (
				82355B0E2A8CD0AA0023EB11 /* ContentView.swift in Sources */,
				828E7D452B61239100869C58 /* BadgeView.swift in Sources */,
				82A2155C2A8DF93B0062FB9E /* TextFieldView.swift in Sources */,
				B2A8B2792B6D33B800122DBC /* CalloutView.swift in Sources */,
				82A215592A8DF4DC0062FB9E /* ButtonView.swift in Sources */,
				8251E8CA2B4E8B7D00106720 /* BrandTokensView.swift in Sources */,
				349D0E132B62D67A00AAB421 /* AlertView.swift in Sources */,
				82355B072A8CD0870023EB11 /* Warp_iosFinn.swift in Sources */,
				B2922A6E2B68E7F200A3E9F4 /* ToastView.swift in Sources */,
				349586642B0EAD2D00A14570 /* TypographyView.swift in Sources */,
			);
			runOnlyForDeploymentPostprocessing = 0;
		};
		827C4B912A89410800660D82 /* Sources */ = {
			isa = PBXSourcesBuildPhase;
			buildActionMask = 2147483647;
			files = (
				349586652B0F727600A14570 /* TypographyView.swift in Sources */,
				828E7D462B61239100869C58 /* BadgeView.swift in Sources */,
				82355B112A8CD0C10023EB11 /* Warp_iosTori.swift in Sources */,
				B2A8B27A2B6D33B800122DBC /* CalloutView.swift in Sources */,
				82A2155D2A8DF93B0062FB9E /* TextFieldView.swift in Sources */,
				8251E8CB2B4E8B7D00106720 /* BrandTokensView.swift in Sources */,
				349D0E142B62D67E00AAB421 /* AlertView.swift in Sources */,
				82A2155A2A8DF4DC0062FB9E /* ButtonView.swift in Sources */,
				B2922A6F2B68E7F200A3E9F4 /* ToastView.swift in Sources */,
				82355B122A8CD1120023EB11 /* ContentView.swift in Sources */,
			);
			runOnlyForDeploymentPostprocessing = 0;
		};
/* End PBXSourcesBuildPhase section */

/* Begin XCBuildConfiguration section */
		824977AA2A893F430013475C /* Debug */ = {
			isa = XCBuildConfiguration;
			buildSettings = {
				ALWAYS_SEARCH_USER_PATHS = NO;
				ASSETCATALOG_COMPILER_GENERATE_SWIFT_ASSET_SYMBOL_EXTENSIONS = YES;
				CLANG_ANALYZER_NONNULL = YES;
				CLANG_ANALYZER_NUMBER_OBJECT_CONVERSION = YES_AGGRESSIVE;
				CLANG_CXX_LANGUAGE_STANDARD = "gnu++20";
				CLANG_ENABLE_MODULES = YES;
				CLANG_ENABLE_OBJC_ARC = YES;
				CLANG_ENABLE_OBJC_WEAK = YES;
				CLANG_WARN_BLOCK_CAPTURE_AUTORELEASING = YES;
				CLANG_WARN_BOOL_CONVERSION = YES;
				CLANG_WARN_COMMA = YES;
				CLANG_WARN_CONSTANT_CONVERSION = YES;
				CLANG_WARN_DEPRECATED_OBJC_IMPLEMENTATIONS = YES;
				CLANG_WARN_DIRECT_OBJC_ISA_USAGE = YES_ERROR;
				CLANG_WARN_DOCUMENTATION_COMMENTS = YES;
				CLANG_WARN_EMPTY_BODY = YES;
				CLANG_WARN_ENUM_CONVERSION = YES;
				CLANG_WARN_INFINITE_RECURSION = YES;
				CLANG_WARN_INT_CONVERSION = YES;
				CLANG_WARN_NON_LITERAL_NULL_CONVERSION = YES;
				CLANG_WARN_OBJC_IMPLICIT_RETAIN_SELF = YES;
				CLANG_WARN_OBJC_LITERAL_CONVERSION = YES;
				CLANG_WARN_OBJC_ROOT_CLASS = YES_ERROR;
				CLANG_WARN_QUOTED_INCLUDE_IN_FRAMEWORK_HEADER = YES;
				CLANG_WARN_RANGE_LOOP_ANALYSIS = YES;
				CLANG_WARN_STRICT_PROTOTYPES = YES;
				CLANG_WARN_SUSPICIOUS_MOVE = YES;
				CLANG_WARN_UNGUARDED_AVAILABILITY = YES_AGGRESSIVE;
				CLANG_WARN_UNREACHABLE_CODE = YES;
				CLANG_WARN__DUPLICATE_METHOD_MATCH = YES;
				COPY_PHASE_STRIP = NO;
				DEBUG_INFORMATION_FORMAT = dwarf;
				ENABLE_STRICT_OBJC_MSGSEND = YES;
				ENABLE_TESTABILITY = YES;
				ENABLE_USER_SCRIPT_SANDBOXING = YES;
				GCC_C_LANGUAGE_STANDARD = gnu17;
				GCC_DYNAMIC_NO_PIC = NO;
				GCC_NO_COMMON_BLOCKS = YES;
				GCC_OPTIMIZATION_LEVEL = 0;
				GCC_PREPROCESSOR_DEFINITIONS = (
					"DEBUG=1",
					"$(inherited)",
				);
				GCC_WARN_64_TO_32_BIT_CONVERSION = YES;
				GCC_WARN_ABOUT_RETURN_TYPE = YES_ERROR;
				GCC_WARN_UNDECLARED_SELECTOR = YES;
				GCC_WARN_UNINITIALIZED_AUTOS = YES_AGGRESSIVE;
				GCC_WARN_UNUSED_FUNCTION = YES;
				GCC_WARN_UNUSED_VARIABLE = YES;
				LOCALIZATION_PREFERS_STRING_CATALOGS = YES;
				MTL_ENABLE_DEBUG_INFO = INCLUDE_SOURCE;
				MTL_FAST_MATH = YES;
				ONLY_ACTIVE_ARCH = YES;
				SWIFT_ACTIVE_COMPILATION_CONDITIONS = "DEBUG $(inherited)";
				SWIFT_OPTIMIZATION_LEVEL = "-Onone";
			};
			name = Debug;
		};
		824977AB2A893F430013475C /* Release */ = {
			isa = XCBuildConfiguration;
			buildSettings = {
				ALWAYS_SEARCH_USER_PATHS = NO;
				ASSETCATALOG_COMPILER_GENERATE_SWIFT_ASSET_SYMBOL_EXTENSIONS = YES;
				CLANG_ANALYZER_NONNULL = YES;
				CLANG_ANALYZER_NUMBER_OBJECT_CONVERSION = YES_AGGRESSIVE;
				CLANG_CXX_LANGUAGE_STANDARD = "gnu++20";
				CLANG_ENABLE_MODULES = YES;
				CLANG_ENABLE_OBJC_ARC = YES;
				CLANG_ENABLE_OBJC_WEAK = YES;
				CLANG_WARN_BLOCK_CAPTURE_AUTORELEASING = YES;
				CLANG_WARN_BOOL_CONVERSION = YES;
				CLANG_WARN_COMMA = YES;
				CLANG_WARN_CONSTANT_CONVERSION = YES;
				CLANG_WARN_DEPRECATED_OBJC_IMPLEMENTATIONS = YES;
				CLANG_WARN_DIRECT_OBJC_ISA_USAGE = YES_ERROR;
				CLANG_WARN_DOCUMENTATION_COMMENTS = YES;
				CLANG_WARN_EMPTY_BODY = YES;
				CLANG_WARN_ENUM_CONVERSION = YES;
				CLANG_WARN_INFINITE_RECURSION = YES;
				CLANG_WARN_INT_CONVERSION = YES;
				CLANG_WARN_NON_LITERAL_NULL_CONVERSION = YES;
				CLANG_WARN_OBJC_IMPLICIT_RETAIN_SELF = YES;
				CLANG_WARN_OBJC_LITERAL_CONVERSION = YES;
				CLANG_WARN_OBJC_ROOT_CLASS = YES_ERROR;
				CLANG_WARN_QUOTED_INCLUDE_IN_FRAMEWORK_HEADER = YES;
				CLANG_WARN_RANGE_LOOP_ANALYSIS = YES;
				CLANG_WARN_STRICT_PROTOTYPES = YES;
				CLANG_WARN_SUSPICIOUS_MOVE = YES;
				CLANG_WARN_UNGUARDED_AVAILABILITY = YES_AGGRESSIVE;
				CLANG_WARN_UNREACHABLE_CODE = YES;
				CLANG_WARN__DUPLICATE_METHOD_MATCH = YES;
				COPY_PHASE_STRIP = NO;
				DEBUG_INFORMATION_FORMAT = "dwarf-with-dsym";
				ENABLE_NS_ASSERTIONS = NO;
				ENABLE_STRICT_OBJC_MSGSEND = YES;
				ENABLE_USER_SCRIPT_SANDBOXING = YES;
				GCC_C_LANGUAGE_STANDARD = gnu17;
				GCC_NO_COMMON_BLOCKS = YES;
				GCC_WARN_64_TO_32_BIT_CONVERSION = YES;
				GCC_WARN_ABOUT_RETURN_TYPE = YES_ERROR;
				GCC_WARN_UNDECLARED_SELECTOR = YES;
				GCC_WARN_UNINITIALIZED_AUTOS = YES_AGGRESSIVE;
				GCC_WARN_UNUSED_FUNCTION = YES;
				GCC_WARN_UNUSED_VARIABLE = YES;
				LOCALIZATION_PREFERS_STRING_CATALOGS = YES;
				MTL_ENABLE_DEBUG_INFO = NO;
				MTL_FAST_MATH = YES;
				SWIFT_COMPILATION_MODE = wholemodule;
			};
			name = Release;
		};
		824977AD2A893F430013475C /* Debug */ = {
			isa = XCBuildConfiguration;
			buildSettings = {
				ASSETCATALOG_COMPILER_APPICON_NAME = AppIcon;
				ASSETCATALOG_COMPILER_GLOBAL_ACCENT_COLOR_NAME = AccentColor;
				CLANG_ENABLE_MODULES = YES;
				CODE_SIGN_ENTITLEMENTS = "Warp-iosFinn/Warp_iosSampleApp.entitlements";
				CODE_SIGN_STYLE = Automatic;
				CURRENT_PROJECT_VERSION = 1;
				DEVELOPMENT_ASSET_PATHS = "\"Warp-iosTori/Preview Content\"";
				DEVELOPMENT_TEAM = J5FN75WZ65;
				ENABLE_HARDENED_RUNTIME = YES;
				ENABLE_PREVIEWS = YES;
				GENERATE_INFOPLIST_FILE = YES;
				"INFOPLIST_KEY_UIApplicationSceneManifest_Generation[sdk=iphoneos*]" = YES;
				"INFOPLIST_KEY_UIApplicationSceneManifest_Generation[sdk=iphonesimulator*]" = YES;
				"INFOPLIST_KEY_UIApplicationSupportsIndirectInputEvents[sdk=iphoneos*]" = YES;
				"INFOPLIST_KEY_UIApplicationSupportsIndirectInputEvents[sdk=iphonesimulator*]" = YES;
				"INFOPLIST_KEY_UILaunchScreen_Generation[sdk=iphoneos*]" = YES;
				"INFOPLIST_KEY_UILaunchScreen_Generation[sdk=iphonesimulator*]" = YES;
				"INFOPLIST_KEY_UIStatusBarStyle[sdk=iphoneos*]" = UIStatusBarStyleDefault;
				"INFOPLIST_KEY_UIStatusBarStyle[sdk=iphonesimulator*]" = UIStatusBarStyleDefault;
				INFOPLIST_KEY_UISupportedInterfaceOrientations_iPad = "UIInterfaceOrientationPortrait UIInterfaceOrientationPortraitUpsideDown UIInterfaceOrientationLandscapeLeft UIInterfaceOrientationLandscapeRight";
				INFOPLIST_KEY_UISupportedInterfaceOrientations_iPhone = "UIInterfaceOrientationPortrait UIInterfaceOrientationLandscapeLeft UIInterfaceOrientationLandscapeRight";
				IPHONEOS_DEPLOYMENT_TARGET = 15.0;
				LD_RUNPATH_SEARCH_PATHS = "@executable_path/Frameworks";
				"LD_RUNPATH_SEARCH_PATHS[sdk=macosx*]" = "@executable_path/../Frameworks";
				MACOSX_DEPLOYMENT_TARGET = 14.0;
				MARKETING_VERSION = 0.0.3;
				PRODUCT_BUNDLE_IDENTIFIER = "com.nmp.warp-ios.Finn";
				PRODUCT_NAME = "$(TARGET_NAME)";
				SDKROOT = auto;
				SUPPORTED_PLATFORMS = "iphoneos iphonesimulator";
				SUPPORTS_MACCATALYST = NO;
				SWIFT_EMIT_LOC_STRINGS = YES;
				SWIFT_OBJC_BRIDGING_HEADER = "";
				SWIFT_OPTIMIZATION_LEVEL = "-Onone";
				SWIFT_VERSION = 5.0;
				TARGETED_DEVICE_FAMILY = "1,2";
			};
			name = Debug;
		};
		824977AE2A893F430013475C /* Release */ = {
			isa = XCBuildConfiguration;
			buildSettings = {
				ASSETCATALOG_COMPILER_APPICON_NAME = AppIcon;
				ASSETCATALOG_COMPILER_GLOBAL_ACCENT_COLOR_NAME = AccentColor;
				CLANG_ENABLE_MODULES = YES;
				CODE_SIGN_ENTITLEMENTS = "Warp-iosFinn/Warp_iosSampleApp.entitlements";
				CODE_SIGN_STYLE = Automatic;
				CURRENT_PROJECT_VERSION = 1;
				DEVELOPMENT_ASSET_PATHS = "\"Warp-iosTori/Preview Content\"";
				DEVELOPMENT_TEAM = J5FN75WZ65;
				ENABLE_HARDENED_RUNTIME = YES;
				ENABLE_PREVIEWS = YES;
				GENERATE_INFOPLIST_FILE = YES;
				"INFOPLIST_KEY_UIApplicationSceneManifest_Generation[sdk=iphoneos*]" = YES;
				"INFOPLIST_KEY_UIApplicationSceneManifest_Generation[sdk=iphonesimulator*]" = YES;
				"INFOPLIST_KEY_UIApplicationSupportsIndirectInputEvents[sdk=iphoneos*]" = YES;
				"INFOPLIST_KEY_UIApplicationSupportsIndirectInputEvents[sdk=iphonesimulator*]" = YES;
				"INFOPLIST_KEY_UILaunchScreen_Generation[sdk=iphoneos*]" = YES;
				"INFOPLIST_KEY_UILaunchScreen_Generation[sdk=iphonesimulator*]" = YES;
				"INFOPLIST_KEY_UIStatusBarStyle[sdk=iphoneos*]" = UIStatusBarStyleDefault;
				"INFOPLIST_KEY_UIStatusBarStyle[sdk=iphonesimulator*]" = UIStatusBarStyleDefault;
				INFOPLIST_KEY_UISupportedInterfaceOrientations_iPad = "UIInterfaceOrientationPortrait UIInterfaceOrientationPortraitUpsideDown UIInterfaceOrientationLandscapeLeft UIInterfaceOrientationLandscapeRight";
				INFOPLIST_KEY_UISupportedInterfaceOrientations_iPhone = "UIInterfaceOrientationPortrait UIInterfaceOrientationLandscapeLeft UIInterfaceOrientationLandscapeRight";
				IPHONEOS_DEPLOYMENT_TARGET = 15.0;
				LD_RUNPATH_SEARCH_PATHS = "@executable_path/Frameworks";
				"LD_RUNPATH_SEARCH_PATHS[sdk=macosx*]" = "@executable_path/../Frameworks";
				MACOSX_DEPLOYMENT_TARGET = 14.0;
				MARKETING_VERSION = 0.0.3;
				PRODUCT_BUNDLE_IDENTIFIER = "com.nmp.warp-ios.Finn";
				PRODUCT_NAME = "$(TARGET_NAME)";
				SDKROOT = auto;
				SUPPORTED_PLATFORMS = "iphoneos iphonesimulator";
				SUPPORTS_MACCATALYST = NO;
				SWIFT_EMIT_LOC_STRINGS = YES;
				SWIFT_OBJC_BRIDGING_HEADER = "";
				SWIFT_VERSION = 5.0;
				TARGETED_DEVICE_FAMILY = "1,2";
			};
			name = Release;
		};
		827C4BB72A89410B00660D82 /* Debug */ = {
			isa = XCBuildConfiguration;
			buildSettings = {
				ASSETCATALOG_COMPILER_APPICON_NAME = AppIcon;
				ASSETCATALOG_COMPILER_GLOBAL_ACCENT_COLOR_NAME = AccentColor;
				CLANG_ENABLE_MODULES = YES;
				CODE_SIGN_STYLE = Automatic;
				CURRENT_PROJECT_VERSION = 1;
				DEVELOPMENT_ASSET_PATHS = "\"Warp-iosTori/Preview Content\"";
				DEVELOPMENT_TEAM = J5FN75WZ65;
				ENABLE_PREVIEWS = YES;
				GENERATE_INFOPLIST_FILE = YES;
				INFOPLIST_KEY_UIApplicationSceneManifest_Generation = YES;
				INFOPLIST_KEY_UIApplicationSupportsIndirectInputEvents = YES;
				INFOPLIST_KEY_UILaunchScreen_Generation = YES;
				INFOPLIST_KEY_UISupportedInterfaceOrientations_iPad = "UIInterfaceOrientationPortrait UIInterfaceOrientationPortraitUpsideDown UIInterfaceOrientationLandscapeLeft UIInterfaceOrientationLandscapeRight";
				INFOPLIST_KEY_UISupportedInterfaceOrientations_iPhone = "UIInterfaceOrientationPortrait UIInterfaceOrientationLandscapeLeft UIInterfaceOrientationLandscapeRight";
				IPHONEOS_DEPLOYMENT_TARGET = 15.0;
				LD_RUNPATH_SEARCH_PATHS = (
					"$(inherited)",
					"@executable_path/Frameworks",
				);
				MARKETING_VERSION = 0.0.3;
				PRODUCT_BUNDLE_IDENTIFIER = "com.nmp.warp-ios.Tori";
				PRODUCT_NAME = "$(TARGET_NAME)";
				SDKROOT = iphoneos;
				SUPPORTED_PLATFORMS = "iphoneos iphonesimulator";
				SUPPORTS_MACCATALYST = NO;
				SUPPORTS_MAC_DESIGNED_FOR_IPHONE_IPAD = NO;
				SUPPORTS_XR_DESIGNED_FOR_IPHONE_IPAD = NO;
				SWIFT_EMIT_LOC_STRINGS = YES;
				SWIFT_OPTIMIZATION_LEVEL = "-Onone";
				SWIFT_VERSION = 5.0;
				TARGETED_DEVICE_FAMILY = "1,2";
			};
			name = Debug;
		};
		827C4BB82A89410B00660D82 /* Release */ = {
			isa = XCBuildConfiguration;
			buildSettings = {
				ASSETCATALOG_COMPILER_APPICON_NAME = AppIcon;
				ASSETCATALOG_COMPILER_GLOBAL_ACCENT_COLOR_NAME = AccentColor;
				CLANG_ENABLE_MODULES = YES;
				CODE_SIGN_STYLE = Automatic;
				CURRENT_PROJECT_VERSION = 1;
				DEVELOPMENT_ASSET_PATHS = "\"Warp-iosTori/Preview Content\"";
				DEVELOPMENT_TEAM = J5FN75WZ65;
				ENABLE_PREVIEWS = YES;
				GENERATE_INFOPLIST_FILE = YES;
				INFOPLIST_KEY_UIApplicationSceneManifest_Generation = YES;
				INFOPLIST_KEY_UIApplicationSupportsIndirectInputEvents = YES;
				INFOPLIST_KEY_UILaunchScreen_Generation = YES;
				INFOPLIST_KEY_UISupportedInterfaceOrientations_iPad = "UIInterfaceOrientationPortrait UIInterfaceOrientationPortraitUpsideDown UIInterfaceOrientationLandscapeLeft UIInterfaceOrientationLandscapeRight";
				INFOPLIST_KEY_UISupportedInterfaceOrientations_iPhone = "UIInterfaceOrientationPortrait UIInterfaceOrientationLandscapeLeft UIInterfaceOrientationLandscapeRight";
				IPHONEOS_DEPLOYMENT_TARGET = 15.0;
				LD_RUNPATH_SEARCH_PATHS = (
					"$(inherited)",
					"@executable_path/Frameworks",
				);
				MARKETING_VERSION = 0.0.3;
				PRODUCT_BUNDLE_IDENTIFIER = "com.nmp.warp-ios.Tori";
				PRODUCT_NAME = "$(TARGET_NAME)";
				SDKROOT = iphoneos;
				SUPPORTED_PLATFORMS = "iphoneos iphonesimulator";
				SUPPORTS_MACCATALYST = NO;
				SUPPORTS_MAC_DESIGNED_FOR_IPHONE_IPAD = NO;
				SUPPORTS_XR_DESIGNED_FOR_IPHONE_IPAD = NO;
				SWIFT_EMIT_LOC_STRINGS = YES;
				SWIFT_VERSION = 5.0;
				TARGETED_DEVICE_FAMILY = "1,2";
				VALIDATE_PRODUCT = YES;
			};
			name = Release;
		};
/* End XCBuildConfiguration section */

/* Begin XCConfigurationList section */
		824977822A893F400013475C /* Build configuration list for PBXProject "Warp-iosSampleApp" */ = {
			isa = XCConfigurationList;
			buildConfigurations = (
				824977AA2A893F430013475C /* Debug */,
				824977AB2A893F430013475C /* Release */,
			);
			defaultConfigurationIsVisible = 0;
			defaultConfigurationName = Release;
		};
		824977AC2A893F430013475C /* Build configuration list for PBXNativeTarget "Finn" */ = {
			isa = XCConfigurationList;
			buildConfigurations = (
				824977AD2A893F430013475C /* Debug */,
				824977AE2A893F430013475C /* Release */,
			);
			defaultConfigurationIsVisible = 0;
			defaultConfigurationName = Release;
		};
		827C4BB62A89410B00660D82 /* Build configuration list for PBXNativeTarget "Tori" */ = {
			isa = XCConfigurationList;
			buildConfigurations = (
				827C4BB72A89410B00660D82 /* Debug */,
				827C4BB82A89410B00660D82 /* Release */,
			);
			defaultConfigurationIsVisible = 0;
			defaultConfigurationName = Release;
		};
/* End XCConfigurationList section */

/* Begin XCRemoteSwiftPackageReference section */
		82838CF72B6BED4200E3C495 /* XCRemoteSwiftPackageReference "firebase-ios-sdk" */ = {
			isa = XCRemoteSwiftPackageReference;
			repositoryURL = "https://github.com/firebase/firebase-ios-sdk";
			requirement = {
				kind = exactVersion;
				version = 10.20.0;
			};
		};
/* End XCRemoteSwiftPackageReference section */

/* Begin XCSwiftPackageProductDependency section */
		34A278BF2AD5472E00EE6ED8 /* Warp */ = {
			isa = XCSwiftPackageProductDependency;
			productName = Warp;
		};
		34A278C12AD5473C00EE6ED8 /* Warp */ = {
			isa = XCSwiftPackageProductDependency;
			productName = Warp;
		};
		82838CF82B6BED9700E3C495 /* FirebaseAnalytics */ = {
			isa = XCSwiftPackageProductDependency;
			package = 82838CF72B6BED4200E3C495 /* XCRemoteSwiftPackageReference "firebase-ios-sdk" */;
			productName = FirebaseAnalytics;
		};
		82838CFA2B6BEDA400E3C495 /* FirebaseAnalytics */ = {
			isa = XCSwiftPackageProductDependency;
			package = 82838CF72B6BED4200E3C495 /* XCRemoteSwiftPackageReference "firebase-ios-sdk" */;
			productName = FirebaseAnalytics;
		};
/* End XCSwiftPackageProductDependency section */
	};
	rootObject = 8249777F2A893F400013475C /* Project object */;
}
